
Microsoft Visual Studio Solution File, Format Version 12.00
# Visual Studio Version 16
VisualStudioVersion = 16.0.28407.52
MinimumVisualStudioVersion = 10.0.40219.1
Project("{2150E333-8FDC-42A3-9474-1A3956D46DE8}") = "Modules [Tests]", "Modules [Tests]", "{44B570D0-4877-459D-AC40-FDE2E7A498B7}"
EndProject
Project("{2150E333-8FDC-42A3-9474-1A3956D46DE8}") = "Modules", "Modules", "{0EBDA45D-4262-4725-B733-3FC90E7F05E4}"
EndProject
Project("{9A19103F-16F7-4668-BE54-9A1E7A4F7556}") = "Heirloom.Desktop", "Modules\Heirloom.Desktop\Heirloom.Desktop.csproj", "{6B755B94-35E4-4E8E-A70C-67104E8C0DA9}"
EndProject
Project("{2150E333-8FDC-42A3-9474-1A3956D46DE8}") = "Examples", "Examples", "{ED52051C-C8CE-4EFE-ABD1-3D6D5EFCDFFE}"
EndProject
Project("{9A19103F-16F7-4668-BE54-9A1E7A4F7556}") = "Examples.Drawing.Minimal", "Examples\Examples.Drawing.Minimal\Examples.Drawing.Minimal.csproj", "{BD9DC4D9-61B9-44C2-BA1E-EC7C727F5DFE}"
EndProject
Project("{9A19103F-16F7-4668-BE54-9A1E7A4F7556}") = "Examples.Sound", "Examples\Examples.Sound\Examples.Sound.csproj", "{70127DA8-9A11-4469-9FA5-4982B161EF0E}"
EndProject
Project("{9A19103F-16F7-4668-BE54-9A1E7A4F7556}") = "Examples.Drawing", "Examples\Examples.Drawing\Examples.Drawing.csproj", "{0DEA322A-597A-4D71-A6F2-C35F77E6335F}"
EndProject
Project("{9A19103F-16F7-4668-BE54-9A1E7A4F7556}") = "Heirloom.Game", "Modules\Heirloom.Game\Heirloom.Game.csproj", "{32EA6937-03CE-43AE-9F56-A644DB71DBD6}"
EndProject
Project("{9A19103F-16F7-4668-BE54-9A1E7A4F7556}") = "Heirloom.Game.Desktop", "Modules\Heirloom.Game.Desktop\Heirloom.Game.Desktop.csproj", "{7ECEE750-9EE5-47BD-8883-A8472900A223}"
EndProject
Project("{9A19103F-16F7-4668-BE54-9A1E7A4F7556}") = "Examples.MultiWindow", "Examples\Examples.MultiWindow\Examples.MultiWindow.csproj", "{EE71C389-6797-4951-8EE5-7806E712834C}"
EndProject
Project("{9A19103F-16F7-4668-BE54-9A1E7A4F7556}") = "Examples.Game.Minimal", "Examples\Examples.Game.Minimal\Examples.Game.Minimal.csproj", "{D1712331-4D80-4C12-9CA2-8E6EC475548D}"
EndProject
Project("{9A19103F-16F7-4668-BE54-9A1E7A4F7556}") = "Examples.Game", "Examples\Examples.Game\Examples.Game.csproj", "{5CD6892E-D322-4ECD-82E9-BE74596C3534}"
EndProject
Project("{9A19103F-16F7-4668-BE54-9A1E7A4F7556}") = "Heirloom.Physics", "Modules\Heirloom.Physics\Heirloom.Physics.csproj", "{980C2EF2-4B18-4997-82AE-DC75EA02CCA1}"
EndProject
Project("{2150E333-8FDC-42A3-9474-1A3956D46DE8}") = "Modules", "Modules", "{A2345ACB-35FB-4572-ADBA-1652A324778E}"
EndProject
Project("{9A19103F-16F7-4668-BE54-9A1E7A4F7556}") = "Examples.Shaders", "Examples\Examples.Shaders\Examples.Shaders.csproj", "{76D5C95D-2625-4E48-BF08-C6DD3A9E55D5}"
EndProject
Project("{2150E333-8FDC-42A3-9474-1A3956D46DE8}") = "Incomplete", "Incomplete", "{F0DA18C5-50CB-4D1E-AB7F-D880175C3C92}"
EndProject
Project("{2150E333-8FDC-42A3-9474-1A3956D46DE8}") = "Core", "Core", "{C708452E-099A-4F69-B942-49A7A5DE2EEF}"
EndProject
Project("{2150E333-8FDC-42A3-9474-1A3956D46DE8}") = "Examples", "Examples", "{987BD84A-505B-4E35-9A27-2D5C3548092F}"
EndProject
Project("{9A19103F-16F7-4668-BE54-9A1E7A4F7556}") = "Examples.SplitScreen", "Examples\Examples.SplitScreen\Examples.SplitScreen.csproj", "{BEF76692-91B8-4D8E-AFF7-545774611E93}"
EndProject
Project("{2150E333-8FDC-42A3-9474-1A3956D46DE8}") = "Tools", "Tools", "{CF0EE6B1-701E-411C-971A-1B84AEF0BB02}"
EndProject
Project("{9A19103F-16F7-4668-BE54-9A1E7A4F7556}") = "Heirloom.Benchmark", "Tools\Heirloom.Benchmark\Heirloom.Benchmark.csproj", "{8184DE4B-0F02-4BDB-B92C-AC40A5E5968C}"
EndProject
Project("{9A19103F-16F7-4668-BE54-9A1E7A4F7556}") = "Examples.CpuRasterizer", "Examples\Examples.Rasterizer\Examples.CpuRasterizer.csproj", "{D8546EDC-50E7-467B-A3D7-B5DDF15909DF}"
EndProject
Project("{9A19103F-16F7-4668-BE54-9A1E7A4F7556}") = "Atlas Thashing", "Testing\Atlas Thashing\Atlas Thashing.csproj", "{08206310-C040-47E7-BDA7-E8F0B6C80D2F}"
EndProject
Project("{9A19103F-16F7-4668-BE54-9A1E7A4F7556}") = "Examples.FakeWindow", "Examples\Examples.FakeWindow\Examples.FakeWindow.csproj", "{A1BCEF56-6691-4C34-BEBB-3367D25C5127}"
EndProject
Project("{9A19103F-16F7-4668-BE54-9A1E7A4F7556}") = "Cross Window Surfaces", "Testing\Cross Window Surfaces\Cross Window Surfaces.csproj", "{DE9CFED6-D0AE-4350-8856-AB39582DBA1A}"
EndProject
Project("{9A19103F-16F7-4668-BE54-9A1E7A4F7556}") = "Heirloom.Collections.Testing", "Testing\Heirloom.Collections.Testing\Heirloom.Collections.Testing.csproj", "{30B42273-342F-4E2D-8C41-94E1B2494B76}"
EndProject
Project("{9A19103F-16F7-4668-BE54-9A1E7A4F7556}") = "Heirloom.Math.Testing", "Testing\Heirloom.Math.Testing\Heirloom.Math.Testing.csproj", "{52B755DC-204A-4741-AACE-497392609A80}"
EndProject
Project("{2150E333-8FDC-42A3-9474-1A3956D46DE8}") = "Modules [Unit Tests]", "Modules [Unit Tests]", "{225A4F45-17C1-4918-952C-35A114F1670C}"
EndProject
Project("{9A19103F-16F7-4668-BE54-9A1E7A4F7556}") = "Examples.Depth", "Examples\Examples.Depth\Examples.Depth.csproj", "{D404A7A2-BE5D-4E55-8919-383008B97824}"
EndProject
Project("{9A19103F-16F7-4668-BE54-9A1E7A4F7556}") = "GPU Memory Leak", "Testing\GPU Memory Leak\GPU Memory Leak.csproj", "{998C921E-156C-4CDD-BE8A-C84449E50D8A}"
EndProject
Project("{9A19103F-16F7-4668-BE54-9A1E7A4F7556}") = "Heirloom.Core", "Modules\Heirloom.Core\Heirloom.Core.csproj", "{56C42263-9FA9-44CF-A5C4-11D4386AF7A9}"
EndProject
Project("{9A19103F-16F7-4668-BE54-9A1E7A4F7556}") = "Heirloom.OpenGLES", "Modules\Heirloom.OpenGLES\Heirloom.OpenGLES.csproj", "{27DCF1F2-4FA8-449A-9E99-762BC9F61578}"
EndProject
Project("{9A19103F-16F7-4668-BE54-9A1E7A4F7556}") = "Heirloom.MiniAudio", "Modules\Heirloom.MiniAudio\Heirloom.MiniAudio.csproj", "{7D1FC5F4-F4C7-4D9F-BE49-E2A07287E0E3}"
EndProject
Project("{9A19103F-16F7-4668-BE54-9A1E7A4F7556}") = "Examples.Input", "Examples\Examples.Input\Examples.Input.csproj", "{B03FFD23-32ED-4884-A05C-526466A5BB59}"
EndProject
Global
	GlobalSection(SolutionConfigurationPlatforms) = preSolution
		Debug|Any CPU = Debug|Any CPU
		Release|Any CPU = Release|Any CPU
	EndGlobalSection
	GlobalSection(ProjectConfigurationPlatforms) = postSolution
		{6B755B94-35E4-4E8E-A70C-67104E8C0DA9}.Debug|Any CPU.ActiveCfg = Debug|Any CPU
		{6B755B94-35E4-4E8E-A70C-67104E8C0DA9}.Debug|Any CPU.Build.0 = Debug|Any CPU
		{6B755B94-35E4-4E8E-A70C-67104E8C0DA9}.Release|Any CPU.ActiveCfg = Release|Any CPU
		{6B755B94-35E4-4E8E-A70C-67104E8C0DA9}.Release|Any CPU.Build.0 = Release|Any CPU
		{BD9DC4D9-61B9-44C2-BA1E-EC7C727F5DFE}.Debug|Any CPU.ActiveCfg = Debug|Any CPU
		{BD9DC4D9-61B9-44C2-BA1E-EC7C727F5DFE}.Debug|Any CPU.Build.0 = Debug|Any CPU
		{BD9DC4D9-61B9-44C2-BA1E-EC7C727F5DFE}.Release|Any CPU.ActiveCfg = Release|Any CPU
		{BD9DC4D9-61B9-44C2-BA1E-EC7C727F5DFE}.Release|Any CPU.Build.0 = Release|Any CPU
		{70127DA8-9A11-4469-9FA5-4982B161EF0E}.Debug|Any CPU.ActiveCfg = Debug|Any CPU
		{70127DA8-9A11-4469-9FA5-4982B161EF0E}.Debug|Any CPU.Build.0 = Debug|Any CPU
		{70127DA8-9A11-4469-9FA5-4982B161EF0E}.Release|Any CPU.ActiveCfg = Release|Any CPU
		{70127DA8-9A11-4469-9FA5-4982B161EF0E}.Release|Any CPU.Build.0 = Release|Any CPU
		{0DEA322A-597A-4D71-A6F2-C35F77E6335F}.Debug|Any CPU.ActiveCfg = Debug|Any CPU
		{0DEA322A-597A-4D71-A6F2-C35F77E6335F}.Debug|Any CPU.Build.0 = Debug|Any CPU
		{0DEA322A-597A-4D71-A6F2-C35F77E6335F}.Release|Any CPU.ActiveCfg = Release|Any CPU
		{0DEA322A-597A-4D71-A6F2-C35F77E6335F}.Release|Any CPU.Build.0 = Release|Any CPU
		{32EA6937-03CE-43AE-9F56-A644DB71DBD6}.Debug|Any CPU.ActiveCfg = Debug|Any CPU
		{32EA6937-03CE-43AE-9F56-A644DB71DBD6}.Debug|Any CPU.Build.0 = Debug|Any CPU
		{32EA6937-03CE-43AE-9F56-A644DB71DBD6}.Release|Any CPU.ActiveCfg = Release|Any CPU
		{32EA6937-03CE-43AE-9F56-A644DB71DBD6}.Release|Any CPU.Build.0 = Release|Any CPU
		{7ECEE750-9EE5-47BD-8883-A8472900A223}.Debug|Any CPU.ActiveCfg = Debug|Any CPU
		{7ECEE750-9EE5-47BD-8883-A8472900A223}.Debug|Any CPU.Build.0 = Debug|Any CPU
		{7ECEE750-9EE5-47BD-8883-A8472900A223}.Release|Any CPU.ActiveCfg = Release|Any CPU
		{7ECEE750-9EE5-47BD-8883-A8472900A223}.Release|Any CPU.Build.0 = Release|Any CPU
		{EE71C389-6797-4951-8EE5-7806E712834C}.Debug|Any CPU.ActiveCfg = Debug|Any CPU
		{EE71C389-6797-4951-8EE5-7806E712834C}.Debug|Any CPU.Build.0 = Debug|Any CPU
		{EE71C389-6797-4951-8EE5-7806E712834C}.Release|Any CPU.ActiveCfg = Release|Any CPU
		{EE71C389-6797-4951-8EE5-7806E712834C}.Release|Any CPU.Build.0 = Release|Any CPU
		{D1712331-4D80-4C12-9CA2-8E6EC475548D}.Debug|Any CPU.ActiveCfg = Debug|Any CPU
		{D1712331-4D80-4C12-9CA2-8E6EC475548D}.Debug|Any CPU.Build.0 = Debug|Any CPU
		{D1712331-4D80-4C12-9CA2-8E6EC475548D}.Release|Any CPU.ActiveCfg = Release|Any CPU
		{D1712331-4D80-4C12-9CA2-8E6EC475548D}.Release|Any CPU.Build.0 = Release|Any CPU
		{5CD6892E-D322-4ECD-82E9-BE74596C3534}.Debug|Any CPU.ActiveCfg = Debug|Any CPU
		{5CD6892E-D322-4ECD-82E9-BE74596C3534}.Debug|Any CPU.Build.0 = Debug|Any CPU
		{5CD6892E-D322-4ECD-82E9-BE74596C3534}.Release|Any CPU.ActiveCfg = Release|Any CPU
		{5CD6892E-D322-4ECD-82E9-BE74596C3534}.Release|Any CPU.Build.0 = Release|Any CPU
		{980C2EF2-4B18-4997-82AE-DC75EA02CCA1}.Debug|Any CPU.ActiveCfg = Debug|Any CPU
		{980C2EF2-4B18-4997-82AE-DC75EA02CCA1}.Debug|Any CPU.Build.0 = Debug|Any CPU
		{980C2EF2-4B18-4997-82AE-DC75EA02CCA1}.Release|Any CPU.ActiveCfg = Release|Any CPU
		{980C2EF2-4B18-4997-82AE-DC75EA02CCA1}.Release|Any CPU.Build.0 = Release|Any CPU
		{76D5C95D-2625-4E48-BF08-C6DD3A9E55D5}.Debug|Any CPU.ActiveCfg = Debug|Any CPU
		{76D5C95D-2625-4E48-BF08-C6DD3A9E55D5}.Debug|Any CPU.Build.0 = Debug|Any CPU
		{76D5C95D-2625-4E48-BF08-C6DD3A9E55D5}.Release|Any CPU.ActiveCfg = Release|Any CPU
		{76D5C95D-2625-4E48-BF08-C6DD3A9E55D5}.Release|Any CPU.Build.0 = Release|Any CPU
		{BEF76692-91B8-4D8E-AFF7-545774611E93}.Debug|Any CPU.ActiveCfg = Debug|Any CPU
		{BEF76692-91B8-4D8E-AFF7-545774611E93}.Debug|Any CPU.Build.0 = Debug|Any CPU
		{BEF76692-91B8-4D8E-AFF7-545774611E93}.Release|Any CPU.ActiveCfg = Release|Any CPU
		{BEF76692-91B8-4D8E-AFF7-545774611E93}.Release|Any CPU.Build.0 = Release|Any CPU
		{8184DE4B-0F02-4BDB-B92C-AC40A5E5968C}.Debug|Any CPU.ActiveCfg = Debug|Any CPU
		{8184DE4B-0F02-4BDB-B92C-AC40A5E5968C}.Debug|Any CPU.Build.0 = Debug|Any CPU
		{8184DE4B-0F02-4BDB-B92C-AC40A5E5968C}.Release|Any CPU.ActiveCfg = Release|Any CPU
		{8184DE4B-0F02-4BDB-B92C-AC40A5E5968C}.Release|Any CPU.Build.0 = Release|Any CPU
		{D8546EDC-50E7-467B-A3D7-B5DDF15909DF}.Debug|Any CPU.ActiveCfg = Debug|Any CPU
		{D8546EDC-50E7-467B-A3D7-B5DDF15909DF}.Debug|Any CPU.Build.0 = Debug|Any CPU
		{D8546EDC-50E7-467B-A3D7-B5DDF15909DF}.Release|Any CPU.ActiveCfg = Release|Any CPU
		{D8546EDC-50E7-467B-A3D7-B5DDF15909DF}.Release|Any CPU.Build.0 = Release|Any CPU
		{08206310-C040-47E7-BDA7-E8F0B6C80D2F}.Debug|Any CPU.ActiveCfg = Debug|Any CPU
		{08206310-C040-47E7-BDA7-E8F0B6C80D2F}.Debug|Any CPU.Build.0 = Debug|Any CPU
		{08206310-C040-47E7-BDA7-E8F0B6C80D2F}.Release|Any CPU.ActiveCfg = Release|Any CPU
		{08206310-C040-47E7-BDA7-E8F0B6C80D2F}.Release|Any CPU.Build.0 = Release|Any CPU
		{A1BCEF56-6691-4C34-BEBB-3367D25C5127}.Debug|Any CPU.ActiveCfg = Debug|Any CPU
		{A1BCEF56-6691-4C34-BEBB-3367D25C5127}.Debug|Any CPU.Build.0 = Debug|Any CPU
		{A1BCEF56-6691-4C34-BEBB-3367D25C5127}.Release|Any CPU.ActiveCfg = Release|Any CPU
		{A1BCEF56-6691-4C34-BEBB-3367D25C5127}.Release|Any CPU.Build.0 = Release|Any CPU
		{DE9CFED6-D0AE-4350-8856-AB39582DBA1A}.Debug|Any CPU.ActiveCfg = Debug|Any CPU
		{DE9CFED6-D0AE-4350-8856-AB39582DBA1A}.Debug|Any CPU.Build.0 = Debug|Any CPU
		{DE9CFED6-D0AE-4350-8856-AB39582DBA1A}.Release|Any CPU.ActiveCfg = Release|Any CPU
		{DE9CFED6-D0AE-4350-8856-AB39582DBA1A}.Release|Any CPU.Build.0 = Release|Any CPU
		{30B42273-342F-4E2D-8C41-94E1B2494B76}.Debug|Any CPU.ActiveCfg = Debug|Any CPU
		{30B42273-342F-4E2D-8C41-94E1B2494B76}.Debug|Any CPU.Build.0 = Debug|Any CPU
		{30B42273-342F-4E2D-8C41-94E1B2494B76}.Release|Any CPU.ActiveCfg = Release|Any CPU
		{30B42273-342F-4E2D-8C41-94E1B2494B76}.Release|Any CPU.Build.0 = Release|Any CPU
		{52B755DC-204A-4741-AACE-497392609A80}.Debug|Any CPU.ActiveCfg = Debug|Any CPU
		{52B755DC-204A-4741-AACE-497392609A80}.Debug|Any CPU.Build.0 = Debug|Any CPU
		{52B755DC-204A-4741-AACE-497392609A80}.Release|Any CPU.ActiveCfg = Release|Any CPU
		{52B755DC-204A-4741-AACE-497392609A80}.Release|Any CPU.Build.0 = Release|Any CPU
		{D404A7A2-BE5D-4E55-8919-383008B97824}.Debug|Any CPU.ActiveCfg = Debug|Any CPU
		{D404A7A2-BE5D-4E55-8919-383008B97824}.Debug|Any CPU.Build.0 = Debug|Any CPU
		{D404A7A2-BE5D-4E55-8919-383008B97824}.Release|Any CPU.ActiveCfg = Release|Any CPU
		{D404A7A2-BE5D-4E55-8919-383008B97824}.Release|Any CPU.Build.0 = Release|Any CPU
		{998C921E-156C-4CDD-BE8A-C84449E50D8A}.Debug|Any CPU.ActiveCfg = Debug|Any CPU
		{998C921E-156C-4CDD-BE8A-C84449E50D8A}.Debug|Any CPU.Build.0 = Debug|Any CPU
		{998C921E-156C-4CDD-BE8A-C84449E50D8A}.Release|Any CPU.ActiveCfg = Release|Any CPU
		{998C921E-156C-4CDD-BE8A-C84449E50D8A}.Release|Any CPU.Build.0 = Release|Any CPU
		{56C42263-9FA9-44CF-A5C4-11D4386AF7A9}.Debug|Any CPU.ActiveCfg = Debug|Any CPU
		{56C42263-9FA9-44CF-A5C4-11D4386AF7A9}.Debug|Any CPU.Build.0 = Debug|Any CPU
		{56C42263-9FA9-44CF-A5C4-11D4386AF7A9}.Release|Any CPU.ActiveCfg = Release|Any CPU
		{56C42263-9FA9-44CF-A5C4-11D4386AF7A9}.Release|Any CPU.Build.0 = Release|Any CPU
		{27DCF1F2-4FA8-449A-9E99-762BC9F61578}.Debug|Any CPU.ActiveCfg = Debug|Any CPU
		{27DCF1F2-4FA8-449A-9E99-762BC9F61578}.Debug|Any CPU.Build.0 = Debug|Any CPU
		{27DCF1F2-4FA8-449A-9E99-762BC9F61578}.Release|Any CPU.ActiveCfg = Release|Any CPU
		{27DCF1F2-4FA8-449A-9E99-762BC9F61578}.Release|Any CPU.Build.0 = Release|Any CPU
		{7D1FC5F4-F4C7-4D9F-BE49-E2A07287E0E3}.Debug|Any CPU.ActiveCfg = Debug|Any CPU
		{7D1FC5F4-F4C7-4D9F-BE49-E2A07287E0E3}.Debug|Any CPU.Build.0 = Debug|Any CPU
		{7D1FC5F4-F4C7-4D9F-BE49-E2A07287E0E3}.Release|Any CPU.ActiveCfg = Release|Any CPU
		{7D1FC5F4-F4C7-4D9F-BE49-E2A07287E0E3}.Release|Any CPU.Build.0 = Release|Any CPU
		{B03FFD23-32ED-4884-A05C-526466A5BB59}.Debug|Any CPU.ActiveCfg = Debug|Any CPU
		{B03FFD23-32ED-4884-A05C-526466A5BB59}.Debug|Any CPU.Build.0 = Debug|Any CPU
		{B03FFD23-32ED-4884-A05C-526466A5BB59}.Release|Any CPU.ActiveCfg = Release|Any CPU
		{B03FFD23-32ED-4884-A05C-526466A5BB59}.Release|Any CPU.Build.0 = Release|Any CPU
	EndGlobalSection
	GlobalSection(SolutionProperties) = preSolution
		HideSolutionNode = FALSE
	EndGlobalSection
	GlobalSection(NestedProjects) = preSolution
		{44B570D0-4877-459D-AC40-FDE2E7A498B7} = {C708452E-099A-4F69-B942-49A7A5DE2EEF}
		{0EBDA45D-4262-4725-B733-3FC90E7F05E4} = {C708452E-099A-4F69-B942-49A7A5DE2EEF}
		{6B755B94-35E4-4E8E-A70C-67104E8C0DA9} = {0EBDA45D-4262-4725-B733-3FC90E7F05E4}
		{ED52051C-C8CE-4EFE-ABD1-3D6D5EFCDFFE} = {C708452E-099A-4F69-B942-49A7A5DE2EEF}
		{BD9DC4D9-61B9-44C2-BA1E-EC7C727F5DFE} = {ED52051C-C8CE-4EFE-ABD1-3D6D5EFCDFFE}
		{70127DA8-9A11-4469-9FA5-4982B161EF0E} = {ED52051C-C8CE-4EFE-ABD1-3D6D5EFCDFFE}
		{0DEA322A-597A-4D71-A6F2-C35F77E6335F} = {ED52051C-C8CE-4EFE-ABD1-3D6D5EFCDFFE}
		{32EA6937-03CE-43AE-9F56-A644DB71DBD6} = {A2345ACB-35FB-4572-ADBA-1652A324778E}
		{7ECEE750-9EE5-47BD-8883-A8472900A223} = {A2345ACB-35FB-4572-ADBA-1652A324778E}
		{EE71C389-6797-4951-8EE5-7806E712834C} = {ED52051C-C8CE-4EFE-ABD1-3D6D5EFCDFFE}
		{D1712331-4D80-4C12-9CA2-8E6EC475548D} = {987BD84A-505B-4E35-9A27-2D5C3548092F}
		{5CD6892E-D322-4ECD-82E9-BE74596C3534} = {987BD84A-505B-4E35-9A27-2D5C3548092F}
		{980C2EF2-4B18-4997-82AE-DC75EA02CCA1} = {A2345ACB-35FB-4572-ADBA-1652A324778E}
		{A2345ACB-35FB-4572-ADBA-1652A324778E} = {F0DA18C5-50CB-4D1E-AB7F-D880175C3C92}
		{76D5C95D-2625-4E48-BF08-C6DD3A9E55D5} = {ED52051C-C8CE-4EFE-ABD1-3D6D5EFCDFFE}
		{987BD84A-505B-4E35-9A27-2D5C3548092F} = {F0DA18C5-50CB-4D1E-AB7F-D880175C3C92}
		{BEF76692-91B8-4D8E-AFF7-545774611E93} = {ED52051C-C8CE-4EFE-ABD1-3D6D5EFCDFFE}
		{8184DE4B-0F02-4BDB-B92C-AC40A5E5968C} = {CF0EE6B1-701E-411C-971A-1B84AEF0BB02}
		{D8546EDC-50E7-467B-A3D7-B5DDF15909DF} = {ED52051C-C8CE-4EFE-ABD1-3D6D5EFCDFFE}
		{08206310-C040-47E7-BDA7-E8F0B6C80D2F} = {44B570D0-4877-459D-AC40-FDE2E7A498B7}
		{A1BCEF56-6691-4C34-BEBB-3367D25C5127} = {ED52051C-C8CE-4EFE-ABD1-3D6D5EFCDFFE}
		{DE9CFED6-D0AE-4350-8856-AB39582DBA1A} = {44B570D0-4877-459D-AC40-FDE2E7A498B7}
		{30B42273-342F-4E2D-8C41-94E1B2494B76} = {225A4F45-17C1-4918-952C-35A114F1670C}
		{52B755DC-204A-4741-AACE-497392609A80} = {225A4F45-17C1-4918-952C-35A114F1670C}
		{225A4F45-17C1-4918-952C-35A114F1670C} = {F0DA18C5-50CB-4D1E-AB7F-D880175C3C92}
		{D404A7A2-BE5D-4E55-8919-383008B97824} = {ED52051C-C8CE-4EFE-ABD1-3D6D5EFCDFFE}
		{998C921E-156C-4CDD-BE8A-C84449E50D8A} = {44B570D0-4877-459D-AC40-FDE2E7A498B7}
		{56C42263-9FA9-44CF-A5C4-11D4386AF7A9} = {0EBDA45D-4262-4725-B733-3FC90E7F05E4}
		{27DCF1F2-4FA8-449A-9E99-762BC9F61578} = {0EBDA45D-4262-4725-B733-3FC90E7F05E4}
		{7D1FC5F4-F4C7-4D9F-BE49-E2A07287E0E3} = {0EBDA45D-4262-4725-B733-3FC90E7F05E4}
		{B03FFD23-32ED-4884-A05C-526466A5BB59} = {ED52051C-C8CE-4EFE-ABD1-3D6D5EFCDFFE}
	EndGlobalSection
	GlobalSection(ExtensibilityGlobals) = postSolution
		SolutionGuid = {696A41D8-DF3F-4D16-B3D9-514D627DCCE2}
	EndGlobalSection
EndGlobal
