
Microsoft Visual Studio Solution File, Format Version 12.00
# Visual Studio Version 16
VisualStudioVersion = 16.0.28407.52
MinimumVisualStudioVersion = 10.0.40219.1
Project("{9A19103F-16F7-4668-BE54-9A1E7A4F7556}") = "Heirloom.Collections", "Modules\Heirloom.Collections\Heirloom.Collections.csproj", "{62033067-6F19-4A6E-A0AC-78D55DCC48A5}"
EndProject
Project("{9A19103F-16F7-4668-BE54-9A1E7A4F7556}") = "Heirloom.IO", "Modules\Heirloom.IO\Heirloom.IO.csproj", "{61C1B263-2D78-46D9-BA84-F62B0F763AED}"
EndProject
Project("{9A19103F-16F7-4668-BE54-9A1E7A4F7556}") = "Heirloom.Math", "Modules\Heirloom.Math\Heirloom.Math.csproj", "{198E0D8A-56D7-40D4-B7FC-49FC5114F0F4}"
EndProject
Project("{9A19103F-16F7-4668-BE54-9A1E7A4F7556}") = "Heirloom.Sound", "Modules\Heirloom.Sound\Heirloom.Sound.csproj", "{8D17DA87-392A-4E0C-85BB-0589672DDDCF}"
EndProject
Project("{2150E333-8FDC-42A3-9474-1A3956D46DE8}") = "Testing", "Testing", "{44B570D0-4877-459D-AC40-FDE2E7A498B7}"
EndProject
Project("{FAE04EC0-301F-11D3-BF4B-00C04F79EFBC}") = "Heirloom.Collection.Testing", "Modules\Heirloom.Collection.Testing\Heirloom.Collection.Testing.csproj", "{21DEB1CA-EEAF-4940-B6A6-3B440FDF6A1E}"
EndProject
Project("{FAE04EC0-301F-11D3-BF4B-00C04F79EFBC}") = "Heirloom.Math.Testing", "Modules\Heirloom.Math.Testing\Heirloom.Math.Testing.csproj", "{EFD3AABE-7C4E-4B5B-AB05-F2698114E9B2}"
EndProject
Project("{FAE04EC0-301F-11D3-BF4B-00C04F79EFBC}") = "Heirloom.Collections.Spatial.Testing", "Modules\Heirloom.Spatial.Testing\Heirloom.Collections.Spatial.Testing.csproj", "{6B7485D3-9F7E-4E9A-AA5A-2784D1D1BA3B}"
EndProject
Project("{2150E333-8FDC-42A3-9474-1A3956D46DE8}") = "Wrappers", "Wrappers", "{F81DCBF1-6D36-4CB7-BB4E-8D3F0CAF38DF}"
EndProject
Project("{9A19103F-16F7-4668-BE54-9A1E7A4F7556}") = "Heirloom.EGL", "Wrappers\Heirloom.EGL\Heirloom.EGL.csproj", "{EA07B389-FF73-4792-A27C-975560190359}"
EndProject
Project("{9A19103F-16F7-4668-BE54-9A1E7A4F7556}") = "Heirloom.OpenGLES", "Wrappers\Heirloom.OpenGLES\Heirloom.OpenGLES.csproj", "{12862F5F-B3FF-4DA3-BE38-6FD498E02C56}"
EndProject
Project("{9A19103F-16F7-4668-BE54-9A1E7A4F7556}") = "Heirloom.GLFW", "Wrappers\Heirloom.GLFW\Heirloom.GLFW.csproj", "{B6EDA472-C18E-4FA6-9737-B498748F8716}"
EndProject
Project("{2150E333-8FDC-42A3-9474-1A3956D46DE8}") = "Platforms", "Platforms", "{27360338-D524-4065-A81D-2C76781FA66D}"
EndProject
Project("{9A19103F-16F7-4668-BE54-9A1E7A4F7556}") = "Heirloom.Platforms.Desktop", "Platforms\Heirloom.Platforms.Desktop\Heirloom.Platforms.Desktop.csproj", "{2B6317F7-7C05-4493-B3CB-B7FB041B1655}"
EndProject
Project("{FAE04EC0-301F-11D3-BF4B-00C04F79EFBC}") = "Heirloom.Platforms.Android", "Platforms\Heirloom.Platforms.Android\Heirloom.Platforms.Android.csproj", "{D78E4127-57BD-4EB3-9144-6F6C6B024E97}"
EndProject
Project("{9A19103F-16F7-4668-BE54-9A1E7A4F7556}") = "Heirloom.Collections.Spatial", "Modules\Heirloom.Collections.Spatial\Heirloom.Collections.Spatial.csproj", "{B524CB4C-3969-41E3-9A08-8761FD3EA540}"
EndProject
Project("{9A19103F-16F7-4668-BE54-9A1E7A4F7556}") = "Heirloom.Drawing", "Modules\Heirloom.Drawing\Heirloom.Drawing.csproj", "{ECABC5FB-23AD-45F0-B18E-65866B0B285C}"
EndProject
Project("{9A19103F-16F7-4668-BE54-9A1E7A4F7556}") = "Heirloom.Runtime", "Modules\Heirloom.Runtime\Heirloom.Runtime.csproj", "{AF70D5DE-3E55-4D07-96E6-F24AD1DA30DF}"
EndProject
Project("{9A19103F-16F7-4668-BE54-9A1E7A4F7556}") = "Heirloom.Input", "Modules\Heirloom.Input\Heirloom.Input.csproj", "{6598A55E-B72A-4CA9-9203-DB3EB579B8D7}"
EndProject
Project("{9A19103F-16F7-4668-BE54-9A1E7A4F7556}") = "Heirloom.Networking", "Modules\Heirloom.Networking\Heirloom.Networking.csproj", "{3598287C-D1CB-48FD-8EDF-95B05ECA7375}"
EndProject
Project("{2150E333-8FDC-42A3-9474-1A3956D46DE8}") = "Modules", "Modules", "{0EBDA45D-4262-4725-B733-3FC90E7F05E4}"
EndProject
Project("{9A19103F-16F7-4668-BE54-9A1E7A4F7556}") = "Heirloom.Drawing.OpenGLES", "Modules\Heirloom.Drawing.OpenGL\Heirloom.Drawing.OpenGLES.csproj", "{7B45294D-6E43-4505-B31C-2569D5E0DB5E}"
EndProject
Project("{FAE04EC0-301F-11D3-BF4B-00C04F79EFBC}") = "Simple Drawing", "Examples\Simple Drawing\Simple Drawing.csproj", "{E92F4B21-88E6-4F38-85A8-FB0C9FC18408}"
EndProject
Project("{FAE04EC0-301F-11D3-BF4B-00C04F79EFBC}") = "Heirloom.GLFW3", "Wrappers\Heirloom.GLFW3\Heirloom.GLFW3.csproj", "{33C8FDC7-13AD-4CE5-8E82-B4E57B673BA0}"
EndProject
Global
	GlobalSection(SolutionConfigurationPlatforms) = preSolution
		Debug|Any CPU = Debug|Any CPU
		Release|Any CPU = Release|Any CPU
	EndGlobalSection
	GlobalSection(ProjectConfigurationPlatforms) = postSolution
		{62033067-6F19-4A6E-A0AC-78D55DCC48A5}.Debug|Any CPU.ActiveCfg = Debug|Any CPU
		{62033067-6F19-4A6E-A0AC-78D55DCC48A5}.Debug|Any CPU.Build.0 = Debug|Any CPU
		{62033067-6F19-4A6E-A0AC-78D55DCC48A5}.Release|Any CPU.ActiveCfg = Release|Any CPU
		{62033067-6F19-4A6E-A0AC-78D55DCC48A5}.Release|Any CPU.Build.0 = Release|Any CPU
		{61C1B263-2D78-46D9-BA84-F62B0F763AED}.Debug|Any CPU.ActiveCfg = Debug|Any CPU
		{61C1B263-2D78-46D9-BA84-F62B0F763AED}.Debug|Any CPU.Build.0 = Debug|Any CPU
		{61C1B263-2D78-46D9-BA84-F62B0F763AED}.Release|Any CPU.ActiveCfg = Release|Any CPU
		{61C1B263-2D78-46D9-BA84-F62B0F763AED}.Release|Any CPU.Build.0 = Release|Any CPU
		{198E0D8A-56D7-40D4-B7FC-49FC5114F0F4}.Debug|Any CPU.ActiveCfg = Debug|Any CPU
		{198E0D8A-56D7-40D4-B7FC-49FC5114F0F4}.Debug|Any CPU.Build.0 = Debug|Any CPU
		{198E0D8A-56D7-40D4-B7FC-49FC5114F0F4}.Release|Any CPU.ActiveCfg = Release|Any CPU
		{198E0D8A-56D7-40D4-B7FC-49FC5114F0F4}.Release|Any CPU.Build.0 = Release|Any CPU
		{8D17DA87-392A-4E0C-85BB-0589672DDDCF}.Debug|Any CPU.ActiveCfg = Debug|Any CPU
		{8D17DA87-392A-4E0C-85BB-0589672DDDCF}.Debug|Any CPU.Build.0 = Debug|Any CPU
		{8D17DA87-392A-4E0C-85BB-0589672DDDCF}.Release|Any CPU.ActiveCfg = Release|Any CPU
		{8D17DA87-392A-4E0C-85BB-0589672DDDCF}.Release|Any CPU.Build.0 = Release|Any CPU
		{21DEB1CA-EEAF-4940-B6A6-3B440FDF6A1E}.Debug|Any CPU.ActiveCfg = Debug|Any CPU
		{21DEB1CA-EEAF-4940-B6A6-3B440FDF6A1E}.Debug|Any CPU.Build.0 = Debug|Any CPU
		{21DEB1CA-EEAF-4940-B6A6-3B440FDF6A1E}.Release|Any CPU.ActiveCfg = Release|Any CPU
		{21DEB1CA-EEAF-4940-B6A6-3B440FDF6A1E}.Release|Any CPU.Build.0 = Release|Any CPU
		{EFD3AABE-7C4E-4B5B-AB05-F2698114E9B2}.Debug|Any CPU.ActiveCfg = Debug|Any CPU
		{EFD3AABE-7C4E-4B5B-AB05-F2698114E9B2}.Debug|Any CPU.Build.0 = Debug|Any CPU
		{EFD3AABE-7C4E-4B5B-AB05-F2698114E9B2}.Release|Any CPU.ActiveCfg = Release|Any CPU
		{EFD3AABE-7C4E-4B5B-AB05-F2698114E9B2}.Release|Any CPU.Build.0 = Release|Any CPU
		{6B7485D3-9F7E-4E9A-AA5A-2784D1D1BA3B}.Debug|Any CPU.ActiveCfg = Debug|Any CPU
		{6B7485D3-9F7E-4E9A-AA5A-2784D1D1BA3B}.Debug|Any CPU.Build.0 = Debug|Any CPU
		{6B7485D3-9F7E-4E9A-AA5A-2784D1D1BA3B}.Release|Any CPU.ActiveCfg = Release|Any CPU
		{6B7485D3-9F7E-4E9A-AA5A-2784D1D1BA3B}.Release|Any CPU.Build.0 = Release|Any CPU
		{EA07B389-FF73-4792-A27C-975560190359}.Debug|Any CPU.ActiveCfg = Debug|Any CPU
		{EA07B389-FF73-4792-A27C-975560190359}.Debug|Any CPU.Build.0 = Debug|Any CPU
		{EA07B389-FF73-4792-A27C-975560190359}.Release|Any CPU.ActiveCfg = Release|Any CPU
		{EA07B389-FF73-4792-A27C-975560190359}.Release|Any CPU.Build.0 = Release|Any CPU
		{12862F5F-B3FF-4DA3-BE38-6FD498E02C56}.Debug|Any CPU.ActiveCfg = Debug|Any CPU
		{12862F5F-B3FF-4DA3-BE38-6FD498E02C56}.Debug|Any CPU.Build.0 = Debug|Any CPU
		{12862F5F-B3FF-4DA3-BE38-6FD498E02C56}.Release|Any CPU.ActiveCfg = Release|Any CPU
		{12862F5F-B3FF-4DA3-BE38-6FD498E02C56}.Release|Any CPU.Build.0 = Release|Any CPU
		{B6EDA472-C18E-4FA6-9737-B498748F8716}.Debug|Any CPU.ActiveCfg = Debug|Any CPU
		{B6EDA472-C18E-4FA6-9737-B498748F8716}.Debug|Any CPU.Build.0 = Debug|Any CPU
		{B6EDA472-C18E-4FA6-9737-B498748F8716}.Release|Any CPU.ActiveCfg = Release|Any CPU
		{B6EDA472-C18E-4FA6-9737-B498748F8716}.Release|Any CPU.Build.0 = Release|Any CPU
		{2B6317F7-7C05-4493-B3CB-B7FB041B1655}.Debug|Any CPU.ActiveCfg = Debug|Any CPU
		{2B6317F7-7C05-4493-B3CB-B7FB041B1655}.Debug|Any CPU.Build.0 = Debug|Any CPU
		{2B6317F7-7C05-4493-B3CB-B7FB041B1655}.Release|Any CPU.ActiveCfg = Release|Any CPU
		{2B6317F7-7C05-4493-B3CB-B7FB041B1655}.Release|Any CPU.Build.0 = Release|Any CPU
		{D78E4127-57BD-4EB3-9144-6F6C6B024E97}.Debug|Any CPU.ActiveCfg = Debug|Any CPU
		{D78E4127-57BD-4EB3-9144-6F6C6B024E97}.Debug|Any CPU.Build.0 = Debug|Any CPU
		{D78E4127-57BD-4EB3-9144-6F6C6B024E97}.Release|Any CPU.ActiveCfg = Release|Any CPU
		{D78E4127-57BD-4EB3-9144-6F6C6B024E97}.Release|Any CPU.Build.0 = Release|Any CPU
		{B524CB4C-3969-41E3-9A08-8761FD3EA540}.Debug|Any CPU.ActiveCfg = Debug|Any CPU
		{B524CB4C-3969-41E3-9A08-8761FD3EA540}.Debug|Any CPU.Build.0 = Debug|Any CPU
		{B524CB4C-3969-41E3-9A08-8761FD3EA540}.Release|Any CPU.ActiveCfg = Release|Any CPU
		{B524CB4C-3969-41E3-9A08-8761FD3EA540}.Release|Any CPU.Build.0 = Release|Any CPU
		{ECABC5FB-23AD-45F0-B18E-65866B0B285C}.Debug|Any CPU.ActiveCfg = Debug|Any CPU
		{ECABC5FB-23AD-45F0-B18E-65866B0B285C}.Debug|Any CPU.Build.0 = Debug|Any CPU
		{ECABC5FB-23AD-45F0-B18E-65866B0B285C}.Release|Any CPU.ActiveCfg = Release|Any CPU
		{ECABC5FB-23AD-45F0-B18E-65866B0B285C}.Release|Any CPU.Build.0 = Release|Any CPU
		{AF70D5DE-3E55-4D07-96E6-F24AD1DA30DF}.Debug|Any CPU.ActiveCfg = Debug|Any CPU
		{AF70D5DE-3E55-4D07-96E6-F24AD1DA30DF}.Debug|Any CPU.Build.0 = Debug|Any CPU
		{AF70D5DE-3E55-4D07-96E6-F24AD1DA30DF}.Release|Any CPU.ActiveCfg = Release|Any CPU
		{AF70D5DE-3E55-4D07-96E6-F24AD1DA30DF}.Release|Any CPU.Build.0 = Release|Any CPU
		{6598A55E-B72A-4CA9-9203-DB3EB579B8D7}.Debug|Any CPU.ActiveCfg = Debug|Any CPU
		{6598A55E-B72A-4CA9-9203-DB3EB579B8D7}.Debug|Any CPU.Build.0 = Debug|Any CPU
		{6598A55E-B72A-4CA9-9203-DB3EB579B8D7}.Release|Any CPU.ActiveCfg = Release|Any CPU
		{6598A55E-B72A-4CA9-9203-DB3EB579B8D7}.Release|Any CPU.Build.0 = Release|Any CPU
		{3598287C-D1CB-48FD-8EDF-95B05ECA7375}.Debug|Any CPU.ActiveCfg = Debug|Any CPU
		{3598287C-D1CB-48FD-8EDF-95B05ECA7375}.Debug|Any CPU.Build.0 = Debug|Any CPU
		{3598287C-D1CB-48FD-8EDF-95B05ECA7375}.Release|Any CPU.ActiveCfg = Release|Any CPU
		{3598287C-D1CB-48FD-8EDF-95B05ECA7375}.Release|Any CPU.Build.0 = Release|Any CPU
		{7B45294D-6E43-4505-B31C-2569D5E0DB5E}.Debug|Any CPU.ActiveCfg = Debug|Any CPU
		{7B45294D-6E43-4505-B31C-2569D5E0DB5E}.Debug|Any CPU.Build.0 = Debug|Any CPU
		{7B45294D-6E43-4505-B31C-2569D5E0DB5E}.Release|Any CPU.ActiveCfg = Release|Any CPU
		{7B45294D-6E43-4505-B31C-2569D5E0DB5E}.Release|Any CPU.Build.0 = Release|Any CPU
		{E92F4B21-88E6-4F38-85A8-FB0C9FC18408}.Debug|Any CPU.ActiveCfg = Debug|Any CPU
		{E92F4B21-88E6-4F38-85A8-FB0C9FC18408}.Debug|Any CPU.Build.0 = Debug|Any CPU
		{E92F4B21-88E6-4F38-85A8-FB0C9FC18408}.Release|Any CPU.ActiveCfg = Release|Any CPU
		{E92F4B21-88E6-4F38-85A8-FB0C9FC18408}.Release|Any CPU.Build.0 = Release|Any CPU
		{33C8FDC7-13AD-4CE5-8E82-B4E57B673BA0}.Debug|Any CPU.ActiveCfg = Debug|Any CPU
		{33C8FDC7-13AD-4CE5-8E82-B4E57B673BA0}.Debug|Any CPU.Build.0 = Debug|Any CPU
		{33C8FDC7-13AD-4CE5-8E82-B4E57B673BA0}.Release|Any CPU.ActiveCfg = Release|Any CPU
		{33C8FDC7-13AD-4CE5-8E82-B4E57B673BA0}.Release|Any CPU.Build.0 = Release|Any CPU
	EndGlobalSection
	GlobalSection(SolutionProperties) = preSolution
		HideSolutionNode = FALSE
	EndGlobalSection
	GlobalSection(NestedProjects) = preSolution
		{62033067-6F19-4A6E-A0AC-78D55DCC48A5} = {0EBDA45D-4262-4725-B733-3FC90E7F05E4}
		{61C1B263-2D78-46D9-BA84-F62B0F763AED} = {0EBDA45D-4262-4725-B733-3FC90E7F05E4}
		{198E0D8A-56D7-40D4-B7FC-49FC5114F0F4} = {0EBDA45D-4262-4725-B733-3FC90E7F05E4}
		{8D17DA87-392A-4E0C-85BB-0589672DDDCF} = {0EBDA45D-4262-4725-B733-3FC90E7F05E4}
		{44B570D0-4877-459D-AC40-FDE2E7A498B7} = {0EBDA45D-4262-4725-B733-3FC90E7F05E4}
		{21DEB1CA-EEAF-4940-B6A6-3B440FDF6A1E} = {44B570D0-4877-459D-AC40-FDE2E7A498B7}
		{EFD3AABE-7C4E-4B5B-AB05-F2698114E9B2} = {44B570D0-4877-459D-AC40-FDE2E7A498B7}
		{6B7485D3-9F7E-4E9A-AA5A-2784D1D1BA3B} = {44B570D0-4877-459D-AC40-FDE2E7A498B7}
		{EA07B389-FF73-4792-A27C-975560190359} = {F81DCBF1-6D36-4CB7-BB4E-8D3F0CAF38DF}
		{12862F5F-B3FF-4DA3-BE38-6FD498E02C56} = {F81DCBF1-6D36-4CB7-BB4E-8D3F0CAF38DF}
		{B6EDA472-C18E-4FA6-9737-B498748F8716} = {F81DCBF1-6D36-4CB7-BB4E-8D3F0CAF38DF}
		{2B6317F7-7C05-4493-B3CB-B7FB041B1655} = {27360338-D524-4065-A81D-2C76781FA66D}
		{D78E4127-57BD-4EB3-9144-6F6C6B024E97} = {27360338-D524-4065-A81D-2C76781FA66D}
		{B524CB4C-3969-41E3-9A08-8761FD3EA540} = {0EBDA45D-4262-4725-B733-3FC90E7F05E4}
		{ECABC5FB-23AD-45F0-B18E-65866B0B285C} = {0EBDA45D-4262-4725-B733-3FC90E7F05E4}
		{AF70D5DE-3E55-4D07-96E6-F24AD1DA30DF} = {0EBDA45D-4262-4725-B733-3FC90E7F05E4}
		{6598A55E-B72A-4CA9-9203-DB3EB579B8D7} = {0EBDA45D-4262-4725-B733-3FC90E7F05E4}
		{3598287C-D1CB-48FD-8EDF-95B05ECA7375} = {0EBDA45D-4262-4725-B733-3FC90E7F05E4}
		{7B45294D-6E43-4505-B31C-2569D5E0DB5E} = {0EBDA45D-4262-4725-B733-3FC90E7F05E4}
		{33C8FDC7-13AD-4CE5-8E82-B4E57B673BA0} = {F81DCBF1-6D36-4CB7-BB4E-8D3F0CAF38DF}
	EndGlobalSection
	GlobalSection(ExtensibilityGlobals) = postSolution
		SolutionGuid = {696A41D8-DF3F-4D16-B3D9-514D627DCCE2}
	EndGlobalSection
EndGlobal
