
Microsoft Visual Studio Solution File, Format Version 12.00
# Visual Studio Version 16
VisualStudioVersion = 16.0.28407.52
MinimumVisualStudioVersion = 10.0.40219.1
Project("{2150E333-8FDC-42A3-9474-1A3956D46DE8}") = "Modules [Tests]", "Modules [Tests]", "{44B570D0-4877-459D-AC40-FDE2E7A498B7}"
EndProject
Project("{2150E333-8FDC-42A3-9474-1A3956D46DE8}") = "Modules", "Modules", "{0EBDA45D-4262-4725-B733-3FC90E7F05E4}"
EndProject
Project("{9A19103F-16F7-4668-BE54-9A1E7A4F7556}") = "Heirloom.Desktop", "Modules\Heirloom.Desktop\Heirloom.Desktop.csproj", "{6B755B94-35E4-4E8E-A70C-67104E8C0DA9}"
EndProject
Project("{2150E333-8FDC-42A3-9474-1A3956D46DE8}") = "Examples", "Examples", "{ED52051C-C8CE-4EFE-ABD1-3D6D5EFCDFFE}"
EndProject
Project("{9A19103F-16F7-4668-BE54-9A1E7A4F7556}") = "Examples.Drawing.Minimal", "Examples\Examples.Drawing.Minimal\Examples.Drawing.Minimal.csproj", "{BD9DC4D9-61B9-44C2-BA1E-EC7C727F5DFE}"
EndProject
Project("{9A19103F-16F7-4668-BE54-9A1E7A4F7556}") = "Examples.Sound", "Examples\Examples.Sound\Examples.Sound.csproj", "{70127DA8-9A11-4469-9FA5-4982B161EF0E}"
EndProject
Project("{9A19103F-16F7-4668-BE54-9A1E7A4F7556}") = "Examples.Drawing", "Examples\Examples.Drawing\Examples.Drawing.csproj", "{0DEA322A-597A-4D71-A6F2-C35F77E6335F}"
EndProject
Project("{9A19103F-16F7-4668-BE54-9A1E7A4F7556}") = "Examples.MultiWindow", "Examples\Examples.MultiWindow\Examples.MultiWindow.csproj", "{EE71C389-6797-4951-8EE5-7806E712834C}"
EndProject
Project("{9A19103F-16F7-4668-BE54-9A1E7A4F7556}") = "Examples.Shaders", "Examples\Examples.Shaders\Examples.Shaders.csproj", "{76D5C95D-2625-4E48-BF08-C6DD3A9E55D5}"
EndProject
Project("{2150E333-8FDC-42A3-9474-1A3956D46DE8}") = "Incomplete", "Incomplete", "{F0DA18C5-50CB-4D1E-AB7F-D880175C3C92}"
EndProject
Project("{2150E333-8FDC-42A3-9474-1A3956D46DE8}") = "Core", "Core", "{C708452E-099A-4F69-B942-49A7A5DE2EEF}"
EndProject
Project("{9A19103F-16F7-4668-BE54-9A1E7A4F7556}") = "Examples.SplitScreen", "Examples\Examples.SplitScreen\Examples.SplitScreen.csproj", "{BEF76692-91B8-4D8E-AFF7-545774611E93}"
EndProject
Project("{2150E333-8FDC-42A3-9474-1A3956D46DE8}") = "Tools", "Tools", "{CF0EE6B1-701E-411C-971A-1B84AEF0BB02}"
EndProject
Project("{9A19103F-16F7-4668-BE54-9A1E7A4F7556}") = "Heirloom.Benchmark", "Tools\Heirloom.Benchmark\Heirloom.Benchmark.csproj", "{8184DE4B-0F02-4BDB-B92C-AC40A5E5968C}"
EndProject
Project("{9A19103F-16F7-4668-BE54-9A1E7A4F7556}") = "Examples.CpuRasterizer", "Examples\Examples.Rasterizer\Examples.CpuRasterizer.csproj", "{D8546EDC-50E7-467B-A3D7-B5DDF15909DF}"
EndProject
Project("{9A19103F-16F7-4668-BE54-9A1E7A4F7556}") = "Atlas Thashing", "Testing\Atlas Thashing\Atlas Thashing.csproj", "{08206310-C040-47E7-BDA7-E8F0B6C80D2F}"
EndProject
Project("{9A19103F-16F7-4668-BE54-9A1E7A4F7556}") = "Examples.FakeWindow", "Examples\Examples.FakeWindow\Examples.FakeWindow.csproj", "{A1BCEF56-6691-4C34-BEBB-3367D25C5127}"
EndProject
Project("{9A19103F-16F7-4668-BE54-9A1E7A4F7556}") = "Cross Window Surfaces", "Testing\Cross Window Surfaces\Cross Window Surfaces.csproj", "{DE9CFED6-D0AE-4350-8856-AB39582DBA1A}"
EndProject
Project("{9A19103F-16F7-4668-BE54-9A1E7A4F7556}") = "Heirloom.Collections.Testing", "Testing\Heirloom.Collections.Testing\Heirloom.Collections.Testing.csproj", "{30B42273-342F-4E2D-8C41-94E1B2494B76}"
EndProject
Project("{9A19103F-16F7-4668-BE54-9A1E7A4F7556}") = "Heirloom.Math.Testing", "Testing\Heirloom.Math.Testing\Heirloom.Math.Testing.csproj", "{52B755DC-204A-4741-AACE-497392609A80}"
EndProject
Project("{2150E333-8FDC-42A3-9474-1A3956D46DE8}") = "Modules [Unit Tests]", "Modules [Unit Tests]", "{225A4F45-17C1-4918-952C-35A114F1670C}"
EndProject
Project("{9A19103F-16F7-4668-BE54-9A1E7A4F7556}") = "Examples.Depth", "Examples\Examples.Depth\Examples.Depth.csproj", "{D404A7A2-BE5D-4E55-8919-383008B97824}"
EndProject
Project("{9A19103F-16F7-4668-BE54-9A1E7A4F7556}") = "GPU Memory Leak", "Testing\GPU Memory Leak\GPU Memory Leak.csproj", "{998C921E-156C-4CDD-BE8A-C84449E50D8A}"
EndProject
Project("{9A19103F-16F7-4668-BE54-9A1E7A4F7556}") = "Heirloom.OpenGLES", "Modules\Heirloom.OpenGLES\Heirloom.OpenGLES.csproj", "{27DCF1F2-4FA8-449A-9E99-762BC9F61578}"
EndProject
Project("{9A19103F-16F7-4668-BE54-9A1E7A4F7556}") = "Heirloom.MiniAudio", "Modules\Heirloom.MiniAudio\Heirloom.MiniAudio.csproj", "{7D1FC5F4-F4C7-4D9F-BE49-E2A07287E0E3}"
EndProject
Project("{9A19103F-16F7-4668-BE54-9A1E7A4F7556}") = "Examples.MazeAI", "Examples\Examples.MazeAI\Examples.MazeAI.csproj", "{6178DB11-7271-42B7-806B-BDC95DAC336D}"
EndProject
Project("{9A19103F-16F7-4668-BE54-9A1E7A4F7556}") = "Heirloom.Core", "Modules\Heirloom.Core\Heirloom.Core.csproj", "{447A75BC-78AE-4134-B048-B0272E446510}"
EndProject
Project("{9A19103F-16F7-4668-BE54-9A1E7A4F7556}") = "Examples.Physics", "Examples\Examples.Physics\Examples.Physics.csproj", "{F2753F5C-A7FF-4E95-B327-F121399BBB04}"
EndProject
Project("{9A19103F-16F7-4668-BE54-9A1E7A4F7556}") = "Examples.GameInput", "Examples\Examples.GameInput\Examples.GameInput.csproj", "{18C5212C-8EFE-4E86-83A7-3251F9E92977}"
EndProject
Project("{9A19103F-16F7-4668-BE54-9A1E7A4F7556}") = "Batching Test", "Testing\Batching Test\Batching Test.csproj", "{33E38C1C-1F1A-4EFD-A142-BB0D84B8C4BA}"
EndProject
Project("{9A19103F-16F7-4668-BE54-9A1E7A4F7556}") = "Heirloom.ML", "Modules\Heirloom.ML\Heirloom.ML.csproj", "{E2ADD2AC-3E9A-4B10-AE02-000C446D789F}"
EndProject
Project("{2150E333-8FDC-42A3-9474-1A3956D46DE8}") = "OLD", "OLD", "{F48AD370-FAD8-459B-8F3F-8B3FC8D94318}"
EndProject
Project("{2150E333-8FDC-42A3-9474-1A3956D46DE8}") = "Framework", "Framework", "{1E357932-2DB2-4489-8F84-1041F2367D71}"
EndProject
Project("{9A19103F-16F7-4668-BE54-9A1E7A4F7556}") = "Meadows", "Framework\Meadows\Meadows.csproj", "{868F5F80-3E97-42A3-B1DF-B12C9796B8D3}"
EndProject
Project("{2150E333-8FDC-42A3-9474-1A3956D46DE8}") = "Platforms", "Platforms", "{CF33AEF6-4618-49E4-A746-714055513BDD}"
EndProject
Project("{9A19103F-16F7-4668-BE54-9A1E7A4F7556}") = "Meadows.Desktop", "Framework\Meadows.Desktop\Meadows.Desktop.csproj", "{1249AD30-E133-46E7-A355-784CBEB989CE}"
EndProject
Project("{FAE04EC0-301F-11D3-BF4B-00C04F79EFBC}") = "Meadows.Android", "Framework\Meadows.Android\Meadows.Android.csproj", "{54FBA483-0269-4654-9C4C-07EC4EFD0A94}"
EndProject
Project("{9A19103F-16F7-4668-BE54-9A1E7A4F7556}") = "Meadows.ImGui", "Framework\Meadows.ImGui\Meadows.ImGui.csproj", "{CCB98768-2F9D-4707-89A0-D495414B89BD}"
EndProject
Project("{9A19103F-16F7-4668-BE54-9A1E7A4F7556}") = "Meadows.Engine", "Framework\Meadows.Engine\Meadows.Engine.csproj", "{69C212D6-B655-47B8-BC53-2275EA90478D}"
EndProject
Project("{2150E333-8FDC-42A3-9474-1A3956D46DE8}") = "Tools", "Tools", "{95EC2F99-6C43-4E10-BB0F-11F3C58B9986}"
EndProject
Project("{D954291E-2A0B-460D-934E-DC6B0785DB48}") = "Meadows.Benchmark", "Tools\Benchmark\Meadows.Benchmark\Meadows.Benchmark.shproj", "{6EE21B75-7DA1-4E2C-861A-B4F02E3E2A4B}"
EndProject
Project("{FAE04EC0-301F-11D3-BF4B-00C04F79EFBC}") = "Meadows.Benchmark.Android", "Tools\Benchmark\Meadows.Benchmark.Android\Meadows.Benchmark.Android.csproj", "{541E747B-0E2D-45FF-89E9-331CD30A355F}"
EndProject
Project("{9A19103F-16F7-4668-BE54-9A1E7A4F7556}") = "Meadows.Benchmark.Desktop", "Tools\Benchmark\Meadows.Benchmark.Desktop\Meadows.Benchmark.Desktop.csproj", "{011FE660-B6B9-4CF1-9971-9B78C988C0F1}"
EndProject
Project("{2150E333-8FDC-42A3-9474-1A3956D46DE8}") = "Benchmark", "Benchmark", "{6B61B4DC-E7E5-4932-B22F-D7C0CAEB3219}"
EndProject
Project("{2150E333-8FDC-42A3-9474-1A3956D46DE8}") = "Examples", "Examples", "{B87AAC37-3672-49F0-AFAB-4BA9C1EC1B23}"
EndProject
Project("{9A19103F-16F7-4668-BE54-9A1E7A4F7556}") = "Meadows.Examples.Stencil", "Examples\Meadows.Examples.Stencil\Meadows.Examples.Stencil.csproj", "{D57F98B4-A817-4F35-B105-9D09EDE587BA}"
EndProject
Project("{9A19103F-16F7-4668-BE54-9A1E7A4F7556}") = "Meadows.Examples.Primitives", "Examples\Meadows.Examples.Primitives\Meadows.Examples.Primitives.csproj", "{20DEEBE4-3F43-4797-8036-21D0193D174F}"
EndProject
Project("{9A19103F-16F7-4668-BE54-9A1E7A4F7556}") = "Meadows.Examples.Othello", "Examples\Meadows.Examples.Othello\Meadows.Examples.Othello.csproj", "{26504E08-BCD5-4B39-8C90-26E9AA4A49EB}"
EndProject
Project("{9A19103F-16F7-4668-BE54-9A1E7A4F7556}") = "Meadows.Examples.Input", "Examples\Meadows.Examples.Input\Meadows.Examples.Input.csproj", "{527FF445-CB1D-4D55-B8C2-FC3895153B59}"
EndProject
Project("{2150E333-8FDC-42A3-9474-1A3956D46DE8}") = "NEW", "NEW", "{0B965586-D699-4AC9-865C-12AAD7845A9C}"
EndProject
Project("{2150E333-8FDC-42A3-9474-1A3956D46DE8}") = "Testing", "Testing", "{8A6EF5B6-EFFD-4C39-AFEC-A9B6957D84E5}"
EndProject
Project("{9A19103F-16F7-4668-BE54-9A1E7A4F7556}") = "Meadows.Testing.MemoryLeak", "Testing\Meadows.Testing.MemoryLeak\Meadows.Testing.MemoryLeak.csproj", "{058C43A0-9B00-40C5-8B18-EEDE252BA526}"
EndProject
Project("{9A19103F-16F7-4668-BE54-9A1E7A4F7556}") = "Meadows.Testing.Lines", "Testing\Meadows.Testing.Lines\Meadows.Testing.Lines.csproj", "{7371168D-D4A9-48CC-9045-E524690530A0}"
EndProject
Project("{FAE04EC0-301F-11D3-BF4B-00C04F79EFBC}") = "Meadows.Android.Examples.Stencil", "Examples\Meadows.Android.Examples.Stencil\Meadows.Android.Examples.Stencil.csproj", "{B44176A7-5E03-4069-8BB4-C3745DE657BD}"
EndProject
Project("{2150E333-8FDC-42A3-9474-1A3956D46DE8}") = "Android", "Android", "{86F06291-A963-4E5E-BAD5-086F4E14FF2C}"
EndProject
Global
	GlobalSection(SharedMSBuildProjectFiles) = preSolution
		Tools\Benchmark\Meadows.Benchmark\Meadows.Benchmark.projitems*{011fe660-b6b9-4cf1-9971-9b78c988c0f1}*SharedItemsImports = 5
		Tools\Benchmark\Meadows.Benchmark\Meadows.Benchmark.projitems*{541e747b-0e2d-45ff-89e9-331cd30a355f}*SharedItemsImports = 4
		Tools\Benchmark\Meadows.Benchmark\Meadows.Benchmark.projitems*{6ee21b75-7da1-4e2c-861a-b4f02e3e2a4b}*SharedItemsImports = 13
	EndGlobalSection
	GlobalSection(SolutionConfigurationPlatforms) = preSolution
		Debug|Any CPU = Debug|Any CPU
		Release|Any CPU = Release|Any CPU
	EndGlobalSection
	GlobalSection(ProjectConfigurationPlatforms) = postSolution
		{6B755B94-35E4-4E8E-A70C-67104E8C0DA9}.Debug|Any CPU.ActiveCfg = Debug|Any CPU
		{6B755B94-35E4-4E8E-A70C-67104E8C0DA9}.Debug|Any CPU.Build.0 = Debug|Any CPU
		{6B755B94-35E4-4E8E-A70C-67104E8C0DA9}.Release|Any CPU.ActiveCfg = Release|Any CPU
		{6B755B94-35E4-4E8E-A70C-67104E8C0DA9}.Release|Any CPU.Build.0 = Release|Any CPU
		{BD9DC4D9-61B9-44C2-BA1E-EC7C727F5DFE}.Debug|Any CPU.ActiveCfg = Debug|Any CPU
		{BD9DC4D9-61B9-44C2-BA1E-EC7C727F5DFE}.Debug|Any CPU.Build.0 = Debug|Any CPU
		{BD9DC4D9-61B9-44C2-BA1E-EC7C727F5DFE}.Release|Any CPU.ActiveCfg = Release|Any CPU
		{BD9DC4D9-61B9-44C2-BA1E-EC7C727F5DFE}.Release|Any CPU.Build.0 = Release|Any CPU
		{70127DA8-9A11-4469-9FA5-4982B161EF0E}.Debug|Any CPU.ActiveCfg = Debug|Any CPU
		{70127DA8-9A11-4469-9FA5-4982B161EF0E}.Debug|Any CPU.Build.0 = Debug|Any CPU
		{70127DA8-9A11-4469-9FA5-4982B161EF0E}.Release|Any CPU.ActiveCfg = Release|Any CPU
		{70127DA8-9A11-4469-9FA5-4982B161EF0E}.Release|Any CPU.Build.0 = Release|Any CPU
		{0DEA322A-597A-4D71-A6F2-C35F77E6335F}.Debug|Any CPU.ActiveCfg = Debug|Any CPU
		{0DEA322A-597A-4D71-A6F2-C35F77E6335F}.Debug|Any CPU.Build.0 = Debug|Any CPU
		{0DEA322A-597A-4D71-A6F2-C35F77E6335F}.Release|Any CPU.ActiveCfg = Release|Any CPU
		{0DEA322A-597A-4D71-A6F2-C35F77E6335F}.Release|Any CPU.Build.0 = Release|Any CPU
		{EE71C389-6797-4951-8EE5-7806E712834C}.Debug|Any CPU.ActiveCfg = Debug|Any CPU
		{EE71C389-6797-4951-8EE5-7806E712834C}.Debug|Any CPU.Build.0 = Debug|Any CPU
		{EE71C389-6797-4951-8EE5-7806E712834C}.Release|Any CPU.ActiveCfg = Release|Any CPU
		{EE71C389-6797-4951-8EE5-7806E712834C}.Release|Any CPU.Build.0 = Release|Any CPU
		{76D5C95D-2625-4E48-BF08-C6DD3A9E55D5}.Debug|Any CPU.ActiveCfg = Debug|Any CPU
		{76D5C95D-2625-4E48-BF08-C6DD3A9E55D5}.Debug|Any CPU.Build.0 = Debug|Any CPU
		{76D5C95D-2625-4E48-BF08-C6DD3A9E55D5}.Release|Any CPU.ActiveCfg = Release|Any CPU
		{76D5C95D-2625-4E48-BF08-C6DD3A9E55D5}.Release|Any CPU.Build.0 = Release|Any CPU
		{BEF76692-91B8-4D8E-AFF7-545774611E93}.Debug|Any CPU.ActiveCfg = Debug|Any CPU
		{BEF76692-91B8-4D8E-AFF7-545774611E93}.Debug|Any CPU.Build.0 = Debug|Any CPU
		{BEF76692-91B8-4D8E-AFF7-545774611E93}.Release|Any CPU.ActiveCfg = Release|Any CPU
		{BEF76692-91B8-4D8E-AFF7-545774611E93}.Release|Any CPU.Build.0 = Release|Any CPU
		{8184DE4B-0F02-4BDB-B92C-AC40A5E5968C}.Debug|Any CPU.ActiveCfg = Debug|Any CPU
		{8184DE4B-0F02-4BDB-B92C-AC40A5E5968C}.Debug|Any CPU.Build.0 = Debug|Any CPU
		{8184DE4B-0F02-4BDB-B92C-AC40A5E5968C}.Release|Any CPU.ActiveCfg = Release|Any CPU
		{8184DE4B-0F02-4BDB-B92C-AC40A5E5968C}.Release|Any CPU.Build.0 = Release|Any CPU
		{D8546EDC-50E7-467B-A3D7-B5DDF15909DF}.Debug|Any CPU.ActiveCfg = Debug|Any CPU
		{D8546EDC-50E7-467B-A3D7-B5DDF15909DF}.Debug|Any CPU.Build.0 = Debug|Any CPU
		{D8546EDC-50E7-467B-A3D7-B5DDF15909DF}.Release|Any CPU.ActiveCfg = Release|Any CPU
		{D8546EDC-50E7-467B-A3D7-B5DDF15909DF}.Release|Any CPU.Build.0 = Release|Any CPU
		{08206310-C040-47E7-BDA7-E8F0B6C80D2F}.Debug|Any CPU.ActiveCfg = Debug|Any CPU
		{08206310-C040-47E7-BDA7-E8F0B6C80D2F}.Debug|Any CPU.Build.0 = Debug|Any CPU
		{08206310-C040-47E7-BDA7-E8F0B6C80D2F}.Release|Any CPU.ActiveCfg = Release|Any CPU
		{08206310-C040-47E7-BDA7-E8F0B6C80D2F}.Release|Any CPU.Build.0 = Release|Any CPU
		{A1BCEF56-6691-4C34-BEBB-3367D25C5127}.Debug|Any CPU.ActiveCfg = Debug|Any CPU
		{A1BCEF56-6691-4C34-BEBB-3367D25C5127}.Debug|Any CPU.Build.0 = Debug|Any CPU
		{A1BCEF56-6691-4C34-BEBB-3367D25C5127}.Release|Any CPU.ActiveCfg = Release|Any CPU
		{A1BCEF56-6691-4C34-BEBB-3367D25C5127}.Release|Any CPU.Build.0 = Release|Any CPU
		{DE9CFED6-D0AE-4350-8856-AB39582DBA1A}.Debug|Any CPU.ActiveCfg = Debug|Any CPU
		{DE9CFED6-D0AE-4350-8856-AB39582DBA1A}.Debug|Any CPU.Build.0 = Debug|Any CPU
		{DE9CFED6-D0AE-4350-8856-AB39582DBA1A}.Release|Any CPU.ActiveCfg = Release|Any CPU
		{DE9CFED6-D0AE-4350-8856-AB39582DBA1A}.Release|Any CPU.Build.0 = Release|Any CPU
		{30B42273-342F-4E2D-8C41-94E1B2494B76}.Debug|Any CPU.ActiveCfg = Debug|Any CPU
		{30B42273-342F-4E2D-8C41-94E1B2494B76}.Debug|Any CPU.Build.0 = Debug|Any CPU
		{30B42273-342F-4E2D-8C41-94E1B2494B76}.Release|Any CPU.ActiveCfg = Release|Any CPU
		{30B42273-342F-4E2D-8C41-94E1B2494B76}.Release|Any CPU.Build.0 = Release|Any CPU
		{52B755DC-204A-4741-AACE-497392609A80}.Debug|Any CPU.ActiveCfg = Debug|Any CPU
		{52B755DC-204A-4741-AACE-497392609A80}.Debug|Any CPU.Build.0 = Debug|Any CPU
		{52B755DC-204A-4741-AACE-497392609A80}.Release|Any CPU.ActiveCfg = Release|Any CPU
		{52B755DC-204A-4741-AACE-497392609A80}.Release|Any CPU.Build.0 = Release|Any CPU
		{D404A7A2-BE5D-4E55-8919-383008B97824}.Debug|Any CPU.ActiveCfg = Debug|Any CPU
		{D404A7A2-BE5D-4E55-8919-383008B97824}.Debug|Any CPU.Build.0 = Debug|Any CPU
		{D404A7A2-BE5D-4E55-8919-383008B97824}.Release|Any CPU.ActiveCfg = Release|Any CPU
		{D404A7A2-BE5D-4E55-8919-383008B97824}.Release|Any CPU.Build.0 = Release|Any CPU
		{998C921E-156C-4CDD-BE8A-C84449E50D8A}.Debug|Any CPU.ActiveCfg = Debug|Any CPU
		{998C921E-156C-4CDD-BE8A-C84449E50D8A}.Debug|Any CPU.Build.0 = Debug|Any CPU
		{998C921E-156C-4CDD-BE8A-C84449E50D8A}.Release|Any CPU.ActiveCfg = Release|Any CPU
		{998C921E-156C-4CDD-BE8A-C84449E50D8A}.Release|Any CPU.Build.0 = Release|Any CPU
		{27DCF1F2-4FA8-449A-9E99-762BC9F61578}.Debug|Any CPU.ActiveCfg = Debug|Any CPU
		{27DCF1F2-4FA8-449A-9E99-762BC9F61578}.Debug|Any CPU.Build.0 = Debug|Any CPU
		{27DCF1F2-4FA8-449A-9E99-762BC9F61578}.Release|Any CPU.ActiveCfg = Release|Any CPU
		{27DCF1F2-4FA8-449A-9E99-762BC9F61578}.Release|Any CPU.Build.0 = Release|Any CPU
		{7D1FC5F4-F4C7-4D9F-BE49-E2A07287E0E3}.Debug|Any CPU.ActiveCfg = Debug|Any CPU
		{7D1FC5F4-F4C7-4D9F-BE49-E2A07287E0E3}.Debug|Any CPU.Build.0 = Debug|Any CPU
		{7D1FC5F4-F4C7-4D9F-BE49-E2A07287E0E3}.Release|Any CPU.ActiveCfg = Release|Any CPU
		{7D1FC5F4-F4C7-4D9F-BE49-E2A07287E0E3}.Release|Any CPU.Build.0 = Release|Any CPU
		{6178DB11-7271-42B7-806B-BDC95DAC336D}.Debug|Any CPU.ActiveCfg = Debug|Any CPU
		{6178DB11-7271-42B7-806B-BDC95DAC336D}.Debug|Any CPU.Build.0 = Debug|Any CPU
		{6178DB11-7271-42B7-806B-BDC95DAC336D}.Release|Any CPU.ActiveCfg = Release|Any CPU
		{6178DB11-7271-42B7-806B-BDC95DAC336D}.Release|Any CPU.Build.0 = Release|Any CPU
		{447A75BC-78AE-4134-B048-B0272E446510}.Debug|Any CPU.ActiveCfg = Debug|Any CPU
		{447A75BC-78AE-4134-B048-B0272E446510}.Debug|Any CPU.Build.0 = Debug|Any CPU
		{447A75BC-78AE-4134-B048-B0272E446510}.Release|Any CPU.ActiveCfg = Release|Any CPU
		{447A75BC-78AE-4134-B048-B0272E446510}.Release|Any CPU.Build.0 = Release|Any CPU
		{F2753F5C-A7FF-4E95-B327-F121399BBB04}.Debug|Any CPU.ActiveCfg = Debug|Any CPU
		{F2753F5C-A7FF-4E95-B327-F121399BBB04}.Debug|Any CPU.Build.0 = Debug|Any CPU
		{F2753F5C-A7FF-4E95-B327-F121399BBB04}.Release|Any CPU.ActiveCfg = Release|Any CPU
		{F2753F5C-A7FF-4E95-B327-F121399BBB04}.Release|Any CPU.Build.0 = Release|Any CPU
		{18C5212C-8EFE-4E86-83A7-3251F9E92977}.Debug|Any CPU.ActiveCfg = Debug|Any CPU
		{18C5212C-8EFE-4E86-83A7-3251F9E92977}.Debug|Any CPU.Build.0 = Debug|Any CPU
		{18C5212C-8EFE-4E86-83A7-3251F9E92977}.Release|Any CPU.ActiveCfg = Release|Any CPU
		{18C5212C-8EFE-4E86-83A7-3251F9E92977}.Release|Any CPU.Build.0 = Release|Any CPU
		{33E38C1C-1F1A-4EFD-A142-BB0D84B8C4BA}.Debug|Any CPU.ActiveCfg = Debug|Any CPU
		{33E38C1C-1F1A-4EFD-A142-BB0D84B8C4BA}.Debug|Any CPU.Build.0 = Debug|Any CPU
		{33E38C1C-1F1A-4EFD-A142-BB0D84B8C4BA}.Release|Any CPU.ActiveCfg = Release|Any CPU
		{33E38C1C-1F1A-4EFD-A142-BB0D84B8C4BA}.Release|Any CPU.Build.0 = Release|Any CPU
		{E2ADD2AC-3E9A-4B10-AE02-000C446D789F}.Debug|Any CPU.ActiveCfg = Debug|Any CPU
		{E2ADD2AC-3E9A-4B10-AE02-000C446D789F}.Debug|Any CPU.Build.0 = Debug|Any CPU
		{E2ADD2AC-3E9A-4B10-AE02-000C446D789F}.Release|Any CPU.ActiveCfg = Release|Any CPU
		{E2ADD2AC-3E9A-4B10-AE02-000C446D789F}.Release|Any CPU.Build.0 = Release|Any CPU
		{868F5F80-3E97-42A3-B1DF-B12C9796B8D3}.Debug|Any CPU.ActiveCfg = Debug|Any CPU
		{868F5F80-3E97-42A3-B1DF-B12C9796B8D3}.Debug|Any CPU.Build.0 = Debug|Any CPU
		{868F5F80-3E97-42A3-B1DF-B12C9796B8D3}.Release|Any CPU.ActiveCfg = Release|Any CPU
		{868F5F80-3E97-42A3-B1DF-B12C9796B8D3}.Release|Any CPU.Build.0 = Release|Any CPU
		{1249AD30-E133-46E7-A355-784CBEB989CE}.Debug|Any CPU.ActiveCfg = Debug|Any CPU
		{1249AD30-E133-46E7-A355-784CBEB989CE}.Debug|Any CPU.Build.0 = Debug|Any CPU
		{1249AD30-E133-46E7-A355-784CBEB989CE}.Release|Any CPU.ActiveCfg = Release|Any CPU
		{1249AD30-E133-46E7-A355-784CBEB989CE}.Release|Any CPU.Build.0 = Release|Any CPU
		{54FBA483-0269-4654-9C4C-07EC4EFD0A94}.Debug|Any CPU.ActiveCfg = Debug|Any CPU
		{54FBA483-0269-4654-9C4C-07EC4EFD0A94}.Debug|Any CPU.Build.0 = Debug|Any CPU
		{54FBA483-0269-4654-9C4C-07EC4EFD0A94}.Release|Any CPU.ActiveCfg = Release|Any CPU
		{54FBA483-0269-4654-9C4C-07EC4EFD0A94}.Release|Any CPU.Build.0 = Release|Any CPU
		{CCB98768-2F9D-4707-89A0-D495414B89BD}.Debug|Any CPU.ActiveCfg = Debug|Any CPU
		{CCB98768-2F9D-4707-89A0-D495414B89BD}.Debug|Any CPU.Build.0 = Debug|Any CPU
		{CCB98768-2F9D-4707-89A0-D495414B89BD}.Release|Any CPU.ActiveCfg = Release|Any CPU
		{CCB98768-2F9D-4707-89A0-D495414B89BD}.Release|Any CPU.Build.0 = Release|Any CPU
		{69C212D6-B655-47B8-BC53-2275EA90478D}.Debug|Any CPU.ActiveCfg = Debug|Any CPU
		{69C212D6-B655-47B8-BC53-2275EA90478D}.Debug|Any CPU.Build.0 = Debug|Any CPU
		{69C212D6-B655-47B8-BC53-2275EA90478D}.Release|Any CPU.ActiveCfg = Release|Any CPU
		{69C212D6-B655-47B8-BC53-2275EA90478D}.Release|Any CPU.Build.0 = Release|Any CPU
		{541E747B-0E2D-45FF-89E9-331CD30A355F}.Debug|Any CPU.ActiveCfg = Debug|Any CPU
		{541E747B-0E2D-45FF-89E9-331CD30A355F}.Debug|Any CPU.Build.0 = Debug|Any CPU
		{541E747B-0E2D-45FF-89E9-331CD30A355F}.Debug|Any CPU.Deploy.0 = Debug|Any CPU
		{541E747B-0E2D-45FF-89E9-331CD30A355F}.Release|Any CPU.ActiveCfg = Release|Any CPU
		{541E747B-0E2D-45FF-89E9-331CD30A355F}.Release|Any CPU.Build.0 = Release|Any CPU
		{541E747B-0E2D-45FF-89E9-331CD30A355F}.Release|Any CPU.Deploy.0 = Release|Any CPU
		{011FE660-B6B9-4CF1-9971-9B78C988C0F1}.Debug|Any CPU.ActiveCfg = Debug|Any CPU
		{011FE660-B6B9-4CF1-9971-9B78C988C0F1}.Debug|Any CPU.Build.0 = Debug|Any CPU
		{011FE660-B6B9-4CF1-9971-9B78C988C0F1}.Release|Any CPU.ActiveCfg = Release|Any CPU
		{011FE660-B6B9-4CF1-9971-9B78C988C0F1}.Release|Any CPU.Build.0 = Release|Any CPU
		{D57F98B4-A817-4F35-B105-9D09EDE587BA}.Debug|Any CPU.ActiveCfg = Debug|Any CPU
		{D57F98B4-A817-4F35-B105-9D09EDE587BA}.Debug|Any CPU.Build.0 = Debug|Any CPU
		{D57F98B4-A817-4F35-B105-9D09EDE587BA}.Release|Any CPU.ActiveCfg = Release|Any CPU
		{D57F98B4-A817-4F35-B105-9D09EDE587BA}.Release|Any CPU.Build.0 = Release|Any CPU
		{20DEEBE4-3F43-4797-8036-21D0193D174F}.Debug|Any CPU.ActiveCfg = Debug|Any CPU
		{20DEEBE4-3F43-4797-8036-21D0193D174F}.Debug|Any CPU.Build.0 = Debug|Any CPU
		{20DEEBE4-3F43-4797-8036-21D0193D174F}.Release|Any CPU.ActiveCfg = Release|Any CPU
		{20DEEBE4-3F43-4797-8036-21D0193D174F}.Release|Any CPU.Build.0 = Release|Any CPU
		{26504E08-BCD5-4B39-8C90-26E9AA4A49EB}.Debug|Any CPU.ActiveCfg = Debug|Any CPU
		{26504E08-BCD5-4B39-8C90-26E9AA4A49EB}.Debug|Any CPU.Build.0 = Debug|Any CPU
		{26504E08-BCD5-4B39-8C90-26E9AA4A49EB}.Release|Any CPU.ActiveCfg = Release|Any CPU
		{26504E08-BCD5-4B39-8C90-26E9AA4A49EB}.Release|Any CPU.Build.0 = Release|Any CPU
		{527FF445-CB1D-4D55-B8C2-FC3895153B59}.Debug|Any CPU.ActiveCfg = Debug|Any CPU
		{527FF445-CB1D-4D55-B8C2-FC3895153B59}.Debug|Any CPU.Build.0 = Debug|Any CPU
		{527FF445-CB1D-4D55-B8C2-FC3895153B59}.Release|Any CPU.ActiveCfg = Release|Any CPU
		{527FF445-CB1D-4D55-B8C2-FC3895153B59}.Release|Any CPU.Build.0 = Release|Any CPU
		{058C43A0-9B00-40C5-8B18-EEDE252BA526}.Debug|Any CPU.ActiveCfg = Debug|Any CPU
		{058C43A0-9B00-40C5-8B18-EEDE252BA526}.Debug|Any CPU.Build.0 = Debug|Any CPU
		{058C43A0-9B00-40C5-8B18-EEDE252BA526}.Release|Any CPU.ActiveCfg = Release|Any CPU
		{058C43A0-9B00-40C5-8B18-EEDE252BA526}.Release|Any CPU.Build.0 = Release|Any CPU
		{7371168D-D4A9-48CC-9045-E524690530A0}.Debug|Any CPU.ActiveCfg = Debug|Any CPU
		{7371168D-D4A9-48CC-9045-E524690530A0}.Debug|Any CPU.Build.0 = Debug|Any CPU
		{7371168D-D4A9-48CC-9045-E524690530A0}.Release|Any CPU.ActiveCfg = Release|Any CPU
		{7371168D-D4A9-48CC-9045-E524690530A0}.Release|Any CPU.Build.0 = Release|Any CPU
		{B44176A7-5E03-4069-8BB4-C3745DE657BD}.Debug|Any CPU.ActiveCfg = Debug|Any CPU
		{B44176A7-5E03-4069-8BB4-C3745DE657BD}.Debug|Any CPU.Build.0 = Debug|Any CPU
		{B44176A7-5E03-4069-8BB4-C3745DE657BD}.Debug|Any CPU.Deploy.0 = Debug|Any CPU
		{B44176A7-5E03-4069-8BB4-C3745DE657BD}.Release|Any CPU.ActiveCfg = Release|Any CPU
		{B44176A7-5E03-4069-8BB4-C3745DE657BD}.Release|Any CPU.Build.0 = Release|Any CPU
		{B44176A7-5E03-4069-8BB4-C3745DE657BD}.Release|Any CPU.Deploy.0 = Release|Any CPU
	EndGlobalSection
	GlobalSection(SolutionProperties) = preSolution
		HideSolutionNode = FALSE
	EndGlobalSection
	GlobalSection(NestedProjects) = preSolution
		{44B570D0-4877-459D-AC40-FDE2E7A498B7} = {C708452E-099A-4F69-B942-49A7A5DE2EEF}
		{0EBDA45D-4262-4725-B733-3FC90E7F05E4} = {C708452E-099A-4F69-B942-49A7A5DE2EEF}
		{6B755B94-35E4-4E8E-A70C-67104E8C0DA9} = {0EBDA45D-4262-4725-B733-3FC90E7F05E4}
		{ED52051C-C8CE-4EFE-ABD1-3D6D5EFCDFFE} = {C708452E-099A-4F69-B942-49A7A5DE2EEF}
		{BD9DC4D9-61B9-44C2-BA1E-EC7C727F5DFE} = {ED52051C-C8CE-4EFE-ABD1-3D6D5EFCDFFE}
		{70127DA8-9A11-4469-9FA5-4982B161EF0E} = {ED52051C-C8CE-4EFE-ABD1-3D6D5EFCDFFE}
		{0DEA322A-597A-4D71-A6F2-C35F77E6335F} = {ED52051C-C8CE-4EFE-ABD1-3D6D5EFCDFFE}
		{EE71C389-6797-4951-8EE5-7806E712834C} = {ED52051C-C8CE-4EFE-ABD1-3D6D5EFCDFFE}
		{76D5C95D-2625-4E48-BF08-C6DD3A9E55D5} = {ED52051C-C8CE-4EFE-ABD1-3D6D5EFCDFFE}
		{F0DA18C5-50CB-4D1E-AB7F-D880175C3C92} = {F48AD370-FAD8-459B-8F3F-8B3FC8D94318}
		{C708452E-099A-4F69-B942-49A7A5DE2EEF} = {F48AD370-FAD8-459B-8F3F-8B3FC8D94318}
		{BEF76692-91B8-4D8E-AFF7-545774611E93} = {ED52051C-C8CE-4EFE-ABD1-3D6D5EFCDFFE}
		{CF0EE6B1-701E-411C-971A-1B84AEF0BB02} = {F48AD370-FAD8-459B-8F3F-8B3FC8D94318}
		{8184DE4B-0F02-4BDB-B92C-AC40A5E5968C} = {CF0EE6B1-701E-411C-971A-1B84AEF0BB02}
		{D8546EDC-50E7-467B-A3D7-B5DDF15909DF} = {ED52051C-C8CE-4EFE-ABD1-3D6D5EFCDFFE}
		{08206310-C040-47E7-BDA7-E8F0B6C80D2F} = {44B570D0-4877-459D-AC40-FDE2E7A498B7}
		{A1BCEF56-6691-4C34-BEBB-3367D25C5127} = {ED52051C-C8CE-4EFE-ABD1-3D6D5EFCDFFE}
		{DE9CFED6-D0AE-4350-8856-AB39582DBA1A} = {44B570D0-4877-459D-AC40-FDE2E7A498B7}
		{30B42273-342F-4E2D-8C41-94E1B2494B76} = {225A4F45-17C1-4918-952C-35A114F1670C}
		{52B755DC-204A-4741-AACE-497392609A80} = {225A4F45-17C1-4918-952C-35A114F1670C}
		{225A4F45-17C1-4918-952C-35A114F1670C} = {F0DA18C5-50CB-4D1E-AB7F-D880175C3C92}
		{D404A7A2-BE5D-4E55-8919-383008B97824} = {ED52051C-C8CE-4EFE-ABD1-3D6D5EFCDFFE}
		{998C921E-156C-4CDD-BE8A-C84449E50D8A} = {44B570D0-4877-459D-AC40-FDE2E7A498B7}
		{27DCF1F2-4FA8-449A-9E99-762BC9F61578} = {0EBDA45D-4262-4725-B733-3FC90E7F05E4}
		{7D1FC5F4-F4C7-4D9F-BE49-E2A07287E0E3} = {0EBDA45D-4262-4725-B733-3FC90E7F05E4}
		{6178DB11-7271-42B7-806B-BDC95DAC336D} = {ED52051C-C8CE-4EFE-ABD1-3D6D5EFCDFFE}
		{447A75BC-78AE-4134-B048-B0272E446510} = {0EBDA45D-4262-4725-B733-3FC90E7F05E4}
		{F2753F5C-A7FF-4E95-B327-F121399BBB04} = {ED52051C-C8CE-4EFE-ABD1-3D6D5EFCDFFE}
		{18C5212C-8EFE-4E86-83A7-3251F9E92977} = {ED52051C-C8CE-4EFE-ABD1-3D6D5EFCDFFE}
		{33E38C1C-1F1A-4EFD-A142-BB0D84B8C4BA} = {44B570D0-4877-459D-AC40-FDE2E7A498B7}
		{E2ADD2AC-3E9A-4B10-AE02-000C446D789F} = {0EBDA45D-4262-4725-B733-3FC90E7F05E4}
		{1E357932-2DB2-4489-8F84-1041F2367D71} = {0B965586-D699-4AC9-865C-12AAD7845A9C}
		{868F5F80-3E97-42A3-B1DF-B12C9796B8D3} = {1E357932-2DB2-4489-8F84-1041F2367D71}
		{CF33AEF6-4618-49E4-A746-714055513BDD} = {1E357932-2DB2-4489-8F84-1041F2367D71}
		{1249AD30-E133-46E7-A355-784CBEB989CE} = {CF33AEF6-4618-49E4-A746-714055513BDD}
		{54FBA483-0269-4654-9C4C-07EC4EFD0A94} = {CF33AEF6-4618-49E4-A746-714055513BDD}
		{CCB98768-2F9D-4707-89A0-D495414B89BD} = {1E357932-2DB2-4489-8F84-1041F2367D71}
		{69C212D6-B655-47B8-BC53-2275EA90478D} = {1E357932-2DB2-4489-8F84-1041F2367D71}
		{95EC2F99-6C43-4E10-BB0F-11F3C58B9986} = {0B965586-D699-4AC9-865C-12AAD7845A9C}
		{6EE21B75-7DA1-4E2C-861A-B4F02E3E2A4B} = {6B61B4DC-E7E5-4932-B22F-D7C0CAEB3219}
		{541E747B-0E2D-45FF-89E9-331CD30A355F} = {6B61B4DC-E7E5-4932-B22F-D7C0CAEB3219}
		{011FE660-B6B9-4CF1-9971-9B78C988C0F1} = {6B61B4DC-E7E5-4932-B22F-D7C0CAEB3219}
		{6B61B4DC-E7E5-4932-B22F-D7C0CAEB3219} = {95EC2F99-6C43-4E10-BB0F-11F3C58B9986}
		{B87AAC37-3672-49F0-AFAB-4BA9C1EC1B23} = {0B965586-D699-4AC9-865C-12AAD7845A9C}
		{D57F98B4-A817-4F35-B105-9D09EDE587BA} = {B87AAC37-3672-49F0-AFAB-4BA9C1EC1B23}
		{20DEEBE4-3F43-4797-8036-21D0193D174F} = {B87AAC37-3672-49F0-AFAB-4BA9C1EC1B23}
		{26504E08-BCD5-4B39-8C90-26E9AA4A49EB} = {B87AAC37-3672-49F0-AFAB-4BA9C1EC1B23}
		{527FF445-CB1D-4D55-B8C2-FC3895153B59} = {B87AAC37-3672-49F0-AFAB-4BA9C1EC1B23}
		{8A6EF5B6-EFFD-4C39-AFEC-A9B6957D84E5} = {0B965586-D699-4AC9-865C-12AAD7845A9C}
		{058C43A0-9B00-40C5-8B18-EEDE252BA526} = {8A6EF5B6-EFFD-4C39-AFEC-A9B6957D84E5}
		{7371168D-D4A9-48CC-9045-E524690530A0} = {8A6EF5B6-EFFD-4C39-AFEC-A9B6957D84E5}
		{B44176A7-5E03-4069-8BB4-C3745DE657BD} = {86F06291-A963-4E5E-BAD5-086F4E14FF2C}
		{86F06291-A963-4E5E-BAD5-086F4E14FF2C} = {B87AAC37-3672-49F0-AFAB-4BA9C1EC1B23}
	EndGlobalSection
	GlobalSection(ExtensibilityGlobals) = postSolution
		SolutionGuid = {696A41D8-DF3F-4D16-B3D9-514D627DCCE2}
	EndGlobalSection
EndGlobal
