
Microsoft Visual Studio Solution File, Format Version 12.00
# Visual Studio Version 16
VisualStudioVersion = 16.0.30509.190
MinimumVisualStudioVersion = 15.0.26124.0
Project("{9A19103F-16F7-4668-BE54-9A1E7A4F7556}") = "Meadows", "Meadows\Meadows.csproj", "{B159E3E6-7467-483A-91AF-B8527E3AAC49}"
EndProject
Project("{9A19103F-16F7-4668-BE54-9A1E7A4F7556}") = "Meadows.Collections", "Meadows.Collections\Meadows.Collections.csproj", "{B3E37E9C-B974-478F-B00F-DDD0BC8786D1}"
EndProject
Project("{9A19103F-16F7-4668-BE54-9A1E7A4F7556}") = "Meadows.Networking", "Meadows.Networking\Meadows.Networking.csproj", "{26A5AA38-84F4-4D43-805F-063CA4133881}"
EndProject
Project("{9A19103F-16F7-4668-BE54-9A1E7A4F7556}") = "Meadows.Runtime.Android", "Meadows.Runtime.Android\Meadows.Runtime.Android.csproj", "{A2D13538-E0F9-45BE-A992-3CA1DF25C28C}"
EndProject
Project("{9A19103F-16F7-4668-BE54-9A1E7A4F7556}") = "Meadows.Runtime.Desktop", "Meadows.Runtime.Desktop\Meadows.Runtime.Desktop.csproj", "{84281293-BB92-486D-95AC-E373C8434B84}"
EndProject
Project("{2150E333-8FDC-42A3-9474-1A3956D46DE8}") = "Core", "Core", "{0A58AA70-E653-4F05-9977-E4DBF4F4F0CF}"
EndProject
Project("{2150E333-8FDC-42A3-9474-1A3956D46DE8}") = "Examples", "Examples", "{33E73F58-BF13-41FE-849D-2671AFF32EAC}"
EndProject
Project("{FAE04EC0-301F-11D3-BF4B-00C04F79EFBC}") = "Meadows.Example.Sandbox", "Meadows.Example.Sandbox\Meadows.Example.Sandbox.csproj", "{989417C7-074F-445C-AFA1-64FCE13809B2}"
EndProject
Project("{FAE04EC0-301F-11D3-BF4B-00C04F79EFBC}") = "Meadows.Engine", "Meadows.Engine\Meadows.Engine.csproj", "{E8617796-8BCE-442F-B9A6-F5C6C6F7A515}"
EndProject
Project("{2150E333-8FDC-42A3-9474-1A3956D46DE8}") = "Solution Items", "Solution Items", "{7C4600BF-499B-4BBA-A5D4-189FDFAA40F2}"
	ProjectSection(SolutionItems) = preProject
		.editorconfig = .editorconfig
	EndProjectSection
EndProject
Global
	GlobalSection(SolutionConfigurationPlatforms) = preSolution
		Debug|Any CPU = Debug|Any CPU
		Debug|x64 = Debug|x64
		Debug|x86 = Debug|x86
		Release|Any CPU = Release|Any CPU
		Release|x64 = Release|x64
		Release|x86 = Release|x86
	EndGlobalSection
	GlobalSection(ProjectConfigurationPlatforms) = postSolution
		{B159E3E6-7467-483A-91AF-B8527E3AAC49}.Debug|Any CPU.ActiveCfg = Debug|Any CPU
		{B159E3E6-7467-483A-91AF-B8527E3AAC49}.Debug|Any CPU.Build.0 = Debug|Any CPU
		{B159E3E6-7467-483A-91AF-B8527E3AAC49}.Debug|x64.ActiveCfg = Debug|Any CPU
		{B159E3E6-7467-483A-91AF-B8527E3AAC49}.Debug|x64.Build.0 = Debug|Any CPU
		{B159E3E6-7467-483A-91AF-B8527E3AAC49}.Debug|x86.ActiveCfg = Debug|Any CPU
		{B159E3E6-7467-483A-91AF-B8527E3AAC49}.Debug|x86.Build.0 = Debug|Any CPU
		{B159E3E6-7467-483A-91AF-B8527E3AAC49}.Release|Any CPU.ActiveCfg = Release|Any CPU
		{B159E3E6-7467-483A-91AF-B8527E3AAC49}.Release|Any CPU.Build.0 = Release|Any CPU
		{B159E3E6-7467-483A-91AF-B8527E3AAC49}.Release|x64.ActiveCfg = Release|Any CPU
		{B159E3E6-7467-483A-91AF-B8527E3AAC49}.Release|x64.Build.0 = Release|Any CPU
		{B159E3E6-7467-483A-91AF-B8527E3AAC49}.Release|x86.ActiveCfg = Release|Any CPU
		{B159E3E6-7467-483A-91AF-B8527E3AAC49}.Release|x86.Build.0 = Release|Any CPU
		{B3E37E9C-B974-478F-B00F-DDD0BC8786D1}.Debug|Any CPU.ActiveCfg = Debug|Any CPU
		{B3E37E9C-B974-478F-B00F-DDD0BC8786D1}.Debug|Any CPU.Build.0 = Debug|Any CPU
		{B3E37E9C-B974-478F-B00F-DDD0BC8786D1}.Debug|x64.ActiveCfg = Debug|Any CPU
		{B3E37E9C-B974-478F-B00F-DDD0BC8786D1}.Debug|x64.Build.0 = Debug|Any CPU
		{B3E37E9C-B974-478F-B00F-DDD0BC8786D1}.Debug|x86.ActiveCfg = Debug|Any CPU
		{B3E37E9C-B974-478F-B00F-DDD0BC8786D1}.Debug|x86.Build.0 = Debug|Any CPU
		{B3E37E9C-B974-478F-B00F-DDD0BC8786D1}.Release|Any CPU.ActiveCfg = Release|Any CPU
		{B3E37E9C-B974-478F-B00F-DDD0BC8786D1}.Release|Any CPU.Build.0 = Release|Any CPU
		{B3E37E9C-B974-478F-B00F-DDD0BC8786D1}.Release|x64.ActiveCfg = Release|Any CPU
		{B3E37E9C-B974-478F-B00F-DDD0BC8786D1}.Release|x64.Build.0 = Release|Any CPU
		{B3E37E9C-B974-478F-B00F-DDD0BC8786D1}.Release|x86.ActiveCfg = Release|Any CPU
		{B3E37E9C-B974-478F-B00F-DDD0BC8786D1}.Release|x86.Build.0 = Release|Any CPU
		{26A5AA38-84F4-4D43-805F-063CA4133881}.Debug|Any CPU.ActiveCfg = Debug|Any CPU
		{26A5AA38-84F4-4D43-805F-063CA4133881}.Debug|Any CPU.Build.0 = Debug|Any CPU
		{26A5AA38-84F4-4D43-805F-063CA4133881}.Debug|x64.ActiveCfg = Debug|Any CPU
		{26A5AA38-84F4-4D43-805F-063CA4133881}.Debug|x64.Build.0 = Debug|Any CPU
		{26A5AA38-84F4-4D43-805F-063CA4133881}.Debug|x86.ActiveCfg = Debug|Any CPU
		{26A5AA38-84F4-4D43-805F-063CA4133881}.Debug|x86.Build.0 = Debug|Any CPU
		{26A5AA38-84F4-4D43-805F-063CA4133881}.Release|Any CPU.ActiveCfg = Release|Any CPU
		{26A5AA38-84F4-4D43-805F-063CA4133881}.Release|Any CPU.Build.0 = Release|Any CPU
		{26A5AA38-84F4-4D43-805F-063CA4133881}.Release|x64.ActiveCfg = Release|Any CPU
		{26A5AA38-84F4-4D43-805F-063CA4133881}.Release|x64.Build.0 = Release|Any CPU
		{26A5AA38-84F4-4D43-805F-063CA4133881}.Release|x86.ActiveCfg = Release|Any CPU
		{26A5AA38-84F4-4D43-805F-063CA4133881}.Release|x86.Build.0 = Release|Any CPU
		{A2D13538-E0F9-45BE-A992-3CA1DF25C28C}.Debug|Any CPU.ActiveCfg = Debug|Any CPU
		{A2D13538-E0F9-45BE-A992-3CA1DF25C28C}.Debug|Any CPU.Build.0 = Debug|Any CPU
		{A2D13538-E0F9-45BE-A992-3CA1DF25C28C}.Debug|x64.ActiveCfg = Debug|Any CPU
		{A2D13538-E0F9-45BE-A992-3CA1DF25C28C}.Debug|x64.Build.0 = Debug|Any CPU
		{A2D13538-E0F9-45BE-A992-3CA1DF25C28C}.Debug|x86.ActiveCfg = Debug|Any CPU
		{A2D13538-E0F9-45BE-A992-3CA1DF25C28C}.Debug|x86.Build.0 = Debug|Any CPU
		{A2D13538-E0F9-45BE-A992-3CA1DF25C28C}.Release|Any CPU.ActiveCfg = Release|Any CPU
		{A2D13538-E0F9-45BE-A992-3CA1DF25C28C}.Release|Any CPU.Build.0 = Release|Any CPU
		{A2D13538-E0F9-45BE-A992-3CA1DF25C28C}.Release|x64.ActiveCfg = Release|Any CPU
		{A2D13538-E0F9-45BE-A992-3CA1DF25C28C}.Release|x64.Build.0 = Release|Any CPU
		{A2D13538-E0F9-45BE-A992-3CA1DF25C28C}.Release|x86.ActiveCfg = Release|Any CPU
		{A2D13538-E0F9-45BE-A992-3CA1DF25C28C}.Release|x86.Build.0 = Release|Any CPU
		{84281293-BB92-486D-95AC-E373C8434B84}.Debug|Any CPU.ActiveCfg = Debug|Any CPU
		{84281293-BB92-486D-95AC-E373C8434B84}.Debug|Any CPU.Build.0 = Debug|Any CPU
		{84281293-BB92-486D-95AC-E373C8434B84}.Debug|x64.ActiveCfg = Debug|Any CPU
		{84281293-BB92-486D-95AC-E373C8434B84}.Debug|x64.Build.0 = Debug|Any CPU
		{84281293-BB92-486D-95AC-E373C8434B84}.Debug|x86.ActiveCfg = Debug|Any CPU
		{84281293-BB92-486D-95AC-E373C8434B84}.Debug|x86.Build.0 = Debug|Any CPU
		{84281293-BB92-486D-95AC-E373C8434B84}.Release|Any CPU.ActiveCfg = Release|Any CPU
		{84281293-BB92-486D-95AC-E373C8434B84}.Release|Any CPU.Build.0 = Release|Any CPU
		{84281293-BB92-486D-95AC-E373C8434B84}.Release|x64.ActiveCfg = Release|Any CPU
		{84281293-BB92-486D-95AC-E373C8434B84}.Release|x64.Build.0 = Release|Any CPU
		{84281293-BB92-486D-95AC-E373C8434B84}.Release|x86.ActiveCfg = Release|Any CPU
		{84281293-BB92-486D-95AC-E373C8434B84}.Release|x86.Build.0 = Release|Any CPU
		{989417C7-074F-445C-AFA1-64FCE13809B2}.Debug|Any CPU.ActiveCfg = Debug|Any CPU
		{989417C7-074F-445C-AFA1-64FCE13809B2}.Debug|Any CPU.Build.0 = Debug|Any CPU
		{989417C7-074F-445C-AFA1-64FCE13809B2}.Debug|x64.ActiveCfg = Debug|Any CPU
		{989417C7-074F-445C-AFA1-64FCE13809B2}.Debug|x64.Build.0 = Debug|Any CPU
		{989417C7-074F-445C-AFA1-64FCE13809B2}.Debug|x86.ActiveCfg = Debug|Any CPU
		{989417C7-074F-445C-AFA1-64FCE13809B2}.Debug|x86.Build.0 = Debug|Any CPU
		{989417C7-074F-445C-AFA1-64FCE13809B2}.Release|Any CPU.ActiveCfg = Release|Any CPU
		{989417C7-074F-445C-AFA1-64FCE13809B2}.Release|Any CPU.Build.0 = Release|Any CPU
		{989417C7-074F-445C-AFA1-64FCE13809B2}.Release|x64.ActiveCfg = Release|Any CPU
		{989417C7-074F-445C-AFA1-64FCE13809B2}.Release|x64.Build.0 = Release|Any CPU
		{989417C7-074F-445C-AFA1-64FCE13809B2}.Release|x86.ActiveCfg = Release|Any CPU
		{989417C7-074F-445C-AFA1-64FCE13809B2}.Release|x86.Build.0 = Release|Any CPU
		{E8617796-8BCE-442F-B9A6-F5C6C6F7A515}.Debug|Any CPU.ActiveCfg = Debug|Any CPU
		{E8617796-8BCE-442F-B9A6-F5C6C6F7A515}.Debug|Any CPU.Build.0 = Debug|Any CPU
		{E8617796-8BCE-442F-B9A6-F5C6C6F7A515}.Debug|x64.ActiveCfg = Debug|Any CPU
		{E8617796-8BCE-442F-B9A6-F5C6C6F7A515}.Debug|x64.Build.0 = Debug|Any CPU
		{E8617796-8BCE-442F-B9A6-F5C6C6F7A515}.Debug|x86.ActiveCfg = Debug|Any CPU
		{E8617796-8BCE-442F-B9A6-F5C6C6F7A515}.Debug|x86.Build.0 = Debug|Any CPU
		{E8617796-8BCE-442F-B9A6-F5C6C6F7A515}.Release|Any CPU.ActiveCfg = Release|Any CPU
		{E8617796-8BCE-442F-B9A6-F5C6C6F7A515}.Release|Any CPU.Build.0 = Release|Any CPU
		{E8617796-8BCE-442F-B9A6-F5C6C6F7A515}.Release|x64.ActiveCfg = Release|Any CPU
		{E8617796-8BCE-442F-B9A6-F5C6C6F7A515}.Release|x64.Build.0 = Release|Any CPU
		{E8617796-8BCE-442F-B9A6-F5C6C6F7A515}.Release|x86.ActiveCfg = Release|Any CPU
		{E8617796-8BCE-442F-B9A6-F5C6C6F7A515}.Release|x86.Build.0 = Release|Any CPU
	EndGlobalSection
	GlobalSection(SolutionProperties) = preSolution
		HideSolutionNode = FALSE
	EndGlobalSection
	GlobalSection(NestedProjects) = preSolution
		{B159E3E6-7467-483A-91AF-B8527E3AAC49} = {0A58AA70-E653-4F05-9977-E4DBF4F4F0CF}
		{B3E37E9C-B974-478F-B00F-DDD0BC8786D1} = {0A58AA70-E653-4F05-9977-E4DBF4F4F0CF}
		{26A5AA38-84F4-4D43-805F-063CA4133881} = {0A58AA70-E653-4F05-9977-E4DBF4F4F0CF}
		{A2D13538-E0F9-45BE-A992-3CA1DF25C28C} = {0A58AA70-E653-4F05-9977-E4DBF4F4F0CF}
		{84281293-BB92-486D-95AC-E373C8434B84} = {0A58AA70-E653-4F05-9977-E4DBF4F4F0CF}
		{989417C7-074F-445C-AFA1-64FCE13809B2} = {33E73F58-BF13-41FE-849D-2671AFF32EAC}
		{E8617796-8BCE-442F-B9A6-F5C6C6F7A515} = {0A58AA70-E653-4F05-9977-E4DBF4F4F0CF}
	EndGlobalSection
	GlobalSection(ExtensibilityGlobals) = postSolution
		SolutionGuid = {0E36E8F9-6A64-484D-99FD-307417F8DA20}
	EndGlobalSection
EndGlobal
