
Microsoft Visual Studio Solution File, Format Version 12.00
# Visual Studio Version 16
VisualStudioVersion = 16.0.30509.190
MinimumVisualStudioVersion = 15.0.26124.0
Project("{2150E333-8FDC-42A3-9474-1A3956D46DE8}") = "Framework", "Framework", "{0A58AA70-E653-4F05-9977-E4DBF4F4F0CF}"
EndProject
Project("{2150E333-8FDC-42A3-9474-1A3956D46DE8}") = "Examples", "Examples", "{33E73F58-BF13-41FE-849D-2671AFF32EAC}"
EndProject
Project("{2150E333-8FDC-42A3-9474-1A3956D46DE8}") = "Solution Items", "Solution Items", "{7C4600BF-499B-4BBA-A5D4-189FDFAA40F2}"
	ProjectSection(SolutionItems) = preProject
		.editorconfig = .editorconfig
	EndProjectSection
EndProject
Project("{2150E333-8FDC-42A3-9474-1A3956D46DE8}") = "Tools", "Tools", "{DCB3CB1A-BC29-4C56-8B89-71258534A5AD}"
EndProject
Project("{9A19103F-16F7-4668-BE54-9A1E7A4F7556}") = "Meadows.Benchmark", "Tools\Meadows.Benchmark\Meadows.Benchmark.csproj", "{75897B5A-58C0-47ED-A23D-DE8224F804A7}"
EndProject
Project("{9A19103F-16F7-4668-BE54-9A1E7A4F7556}") = "Meadows.Examples.Primitives", "Examples\Meadows.Examples.Primitives\Meadows.Examples.Primitives.csproj", "{B5219FF3-17A0-4F25-B9D8-0E8EF663B443}"
EndProject
Project("{9A19103F-16F7-4668-BE54-9A1E7A4F7556}") = "Meadows.Examples.Stencil", "Examples\Meadows.Examples.Stencil\Meadows.Examples.Stencil.csproj", "{8AE833BC-3701-49BA-B136-3CE8EA255C2A}"
EndProject
Project("{9A19103F-16F7-4668-BE54-9A1E7A4F7556}") = "Meadows.Examples.Input", "Examples\Meadows.Examples.Input\Meadows.Examples.Input.csproj", "{0E642F7D-0130-4375-9251-D00FAA907198}"
EndProject
Project("{2150E333-8FDC-42A3-9474-1A3956D46DE8}") = "Testing", "Testing", "{F6EE23EF-128F-4484-9085-90CA6DEBF868}"
EndProject
Project("{9A19103F-16F7-4668-BE54-9A1E7A4F7556}") = "Meadows", "Framework\Meadows\Meadows.csproj", "{1217A446-2CB0-48BE-9A52-80805A38AE7D}"
EndProject
Project("{9A19103F-16F7-4668-BE54-9A1E7A4F7556}") = "Meadows.Desktop", "Framework\Meadows.Desktop\Meadows.Desktop.csproj", "{775EA95C-01E9-4097-914A-BEBB790FF425}"
EndProject
Project("{9A19103F-16F7-4668-BE54-9A1E7A4F7556}") = "Meadows.ImGui", "Framework\Meadows.ImGui\Meadows.ImGui.csproj", "{2A371B04-982E-4CFD-AE12-85C5DC37BA29}"
EndProject
Project("{9A19103F-16F7-4668-BE54-9A1E7A4F7556}") = "Meadows.Networking", "Framework\Meadows.Networking\Meadows.Networking.csproj", "{A21E3186-DDAE-4043-BC51-AF91A5E7EF78}"
EndProject
Project("{9A19103F-16F7-4668-BE54-9A1E7A4F7556}") = "Meadows.Engine", "Framework\Meadows.Engine\Meadows.Engine.csproj", "{1FE2FE33-4F95-4C98-99FA-AF5C08079090}"
EndProject
Project("{9A19103F-16F7-4668-BE54-9A1E7A4F7556}") = "Meadows.Testing.Lines", "Testing\Meadows.Testing.Lines\Meadows.Testing.Lines.csproj", "{060FC98E-D4F1-43CD-A18E-C6A11FDEE303}"
EndProject
Project("{2150E333-8FDC-42A3-9474-1A3956D46DE8}") = "Platforms", "Platforms", "{49F0B6FC-8F2E-49C4-84A0-63F09A0CFB63}"
EndProject
Project("{FAE04EC0-301F-11D3-BF4B-00C04F79EFBC}") = "Meadows.Android", "Framework\Meadows.Android\Meadows.Android.csproj", "{54FBA483-0269-4654-9C4C-07EC4EFD0A94}"
EndProject
Project("{FAE04EC0-301F-11D3-BF4B-00C04F79EFBC}") = "Meadows.Examples.Stencil.Android", "Examples\Meadows.Examples.Stencil.Android\Meadows.Examples.Stencil.Android.csproj", "{B44176A7-5E03-4069-8BB4-C3745DE657BD}"
EndProject
Project("{2150E333-8FDC-42A3-9474-1A3956D46DE8}") = "Android", "Android", "{049A9A9E-3F7A-4150-A18D-78ED25C2574B}"
EndProject
Global
	GlobalSection(SolutionConfigurationPlatforms) = preSolution
		Debug|Any CPU = Debug|Any CPU
		Debug|x64 = Debug|x64
		Debug|x86 = Debug|x86
		Release|Any CPU = Release|Any CPU
		Release|x64 = Release|x64
		Release|x86 = Release|x86
	EndGlobalSection
	GlobalSection(ProjectConfigurationPlatforms) = postSolution
		{75897B5A-58C0-47ED-A23D-DE8224F804A7}.Debug|Any CPU.ActiveCfg = Debug|Any CPU
		{75897B5A-58C0-47ED-A23D-DE8224F804A7}.Debug|Any CPU.Build.0 = Debug|Any CPU
		{75897B5A-58C0-47ED-A23D-DE8224F804A7}.Debug|x64.ActiveCfg = Debug|Any CPU
		{75897B5A-58C0-47ED-A23D-DE8224F804A7}.Debug|x64.Build.0 = Debug|Any CPU
		{75897B5A-58C0-47ED-A23D-DE8224F804A7}.Debug|x86.ActiveCfg = Debug|Any CPU
		{75897B5A-58C0-47ED-A23D-DE8224F804A7}.Debug|x86.Build.0 = Debug|Any CPU
		{75897B5A-58C0-47ED-A23D-DE8224F804A7}.Release|Any CPU.ActiveCfg = Release|Any CPU
		{75897B5A-58C0-47ED-A23D-DE8224F804A7}.Release|Any CPU.Build.0 = Release|Any CPU
		{75897B5A-58C0-47ED-A23D-DE8224F804A7}.Release|x64.ActiveCfg = Release|Any CPU
		{75897B5A-58C0-47ED-A23D-DE8224F804A7}.Release|x64.Build.0 = Release|Any CPU
		{75897B5A-58C0-47ED-A23D-DE8224F804A7}.Release|x86.ActiveCfg = Release|Any CPU
		{75897B5A-58C0-47ED-A23D-DE8224F804A7}.Release|x86.Build.0 = Release|Any CPU
		{B5219FF3-17A0-4F25-B9D8-0E8EF663B443}.Debug|Any CPU.ActiveCfg = Debug|Any CPU
		{B5219FF3-17A0-4F25-B9D8-0E8EF663B443}.Debug|Any CPU.Build.0 = Debug|Any CPU
		{B5219FF3-17A0-4F25-B9D8-0E8EF663B443}.Debug|x64.ActiveCfg = Debug|Any CPU
		{B5219FF3-17A0-4F25-B9D8-0E8EF663B443}.Debug|x64.Build.0 = Debug|Any CPU
		{B5219FF3-17A0-4F25-B9D8-0E8EF663B443}.Debug|x86.ActiveCfg = Debug|Any CPU
		{B5219FF3-17A0-4F25-B9D8-0E8EF663B443}.Debug|x86.Build.0 = Debug|Any CPU
		{B5219FF3-17A0-4F25-B9D8-0E8EF663B443}.Release|Any CPU.ActiveCfg = Release|Any CPU
		{B5219FF3-17A0-4F25-B9D8-0E8EF663B443}.Release|Any CPU.Build.0 = Release|Any CPU
		{B5219FF3-17A0-4F25-B9D8-0E8EF663B443}.Release|x64.ActiveCfg = Release|Any CPU
		{B5219FF3-17A0-4F25-B9D8-0E8EF663B443}.Release|x64.Build.0 = Release|Any CPU
		{B5219FF3-17A0-4F25-B9D8-0E8EF663B443}.Release|x86.ActiveCfg = Release|Any CPU
		{B5219FF3-17A0-4F25-B9D8-0E8EF663B443}.Release|x86.Build.0 = Release|Any CPU
		{8AE833BC-3701-49BA-B136-3CE8EA255C2A}.Debug|Any CPU.ActiveCfg = Debug|Any CPU
		{8AE833BC-3701-49BA-B136-3CE8EA255C2A}.Debug|Any CPU.Build.0 = Debug|Any CPU
		{8AE833BC-3701-49BA-B136-3CE8EA255C2A}.Debug|x64.ActiveCfg = Debug|Any CPU
		{8AE833BC-3701-49BA-B136-3CE8EA255C2A}.Debug|x64.Build.0 = Debug|Any CPU
		{8AE833BC-3701-49BA-B136-3CE8EA255C2A}.Debug|x86.ActiveCfg = Debug|Any CPU
		{8AE833BC-3701-49BA-B136-3CE8EA255C2A}.Debug|x86.Build.0 = Debug|Any CPU
		{8AE833BC-3701-49BA-B136-3CE8EA255C2A}.Release|Any CPU.ActiveCfg = Release|Any CPU
		{8AE833BC-3701-49BA-B136-3CE8EA255C2A}.Release|Any CPU.Build.0 = Release|Any CPU
		{8AE833BC-3701-49BA-B136-3CE8EA255C2A}.Release|x64.ActiveCfg = Release|Any CPU
		{8AE833BC-3701-49BA-B136-3CE8EA255C2A}.Release|x64.Build.0 = Release|Any CPU
		{8AE833BC-3701-49BA-B136-3CE8EA255C2A}.Release|x86.ActiveCfg = Release|Any CPU
		{8AE833BC-3701-49BA-B136-3CE8EA255C2A}.Release|x86.Build.0 = Release|Any CPU
		{0E642F7D-0130-4375-9251-D00FAA907198}.Debug|Any CPU.ActiveCfg = Debug|Any CPU
		{0E642F7D-0130-4375-9251-D00FAA907198}.Debug|Any CPU.Build.0 = Debug|Any CPU
		{0E642F7D-0130-4375-9251-D00FAA907198}.Debug|x64.ActiveCfg = Debug|Any CPU
		{0E642F7D-0130-4375-9251-D00FAA907198}.Debug|x64.Build.0 = Debug|Any CPU
		{0E642F7D-0130-4375-9251-D00FAA907198}.Debug|x86.ActiveCfg = Debug|Any CPU
		{0E642F7D-0130-4375-9251-D00FAA907198}.Debug|x86.Build.0 = Debug|Any CPU
		{0E642F7D-0130-4375-9251-D00FAA907198}.Release|Any CPU.ActiveCfg = Release|Any CPU
		{0E642F7D-0130-4375-9251-D00FAA907198}.Release|Any CPU.Build.0 = Release|Any CPU
		{0E642F7D-0130-4375-9251-D00FAA907198}.Release|x64.ActiveCfg = Release|Any CPU
		{0E642F7D-0130-4375-9251-D00FAA907198}.Release|x64.Build.0 = Release|Any CPU
		{0E642F7D-0130-4375-9251-D00FAA907198}.Release|x86.ActiveCfg = Release|Any CPU
		{0E642F7D-0130-4375-9251-D00FAA907198}.Release|x86.Build.0 = Release|Any CPU
		{1217A446-2CB0-48BE-9A52-80805A38AE7D}.Debug|Any CPU.ActiveCfg = Debug|Any CPU
		{1217A446-2CB0-48BE-9A52-80805A38AE7D}.Debug|Any CPU.Build.0 = Debug|Any CPU
		{1217A446-2CB0-48BE-9A52-80805A38AE7D}.Debug|x64.ActiveCfg = Debug|Any CPU
		{1217A446-2CB0-48BE-9A52-80805A38AE7D}.Debug|x64.Build.0 = Debug|Any CPU
		{1217A446-2CB0-48BE-9A52-80805A38AE7D}.Debug|x86.ActiveCfg = Debug|Any CPU
		{1217A446-2CB0-48BE-9A52-80805A38AE7D}.Debug|x86.Build.0 = Debug|Any CPU
		{1217A446-2CB0-48BE-9A52-80805A38AE7D}.Release|Any CPU.ActiveCfg = Release|Any CPU
		{1217A446-2CB0-48BE-9A52-80805A38AE7D}.Release|Any CPU.Build.0 = Release|Any CPU
		{1217A446-2CB0-48BE-9A52-80805A38AE7D}.Release|x64.ActiveCfg = Release|Any CPU
		{1217A446-2CB0-48BE-9A52-80805A38AE7D}.Release|x64.Build.0 = Release|Any CPU
		{1217A446-2CB0-48BE-9A52-80805A38AE7D}.Release|x86.ActiveCfg = Release|Any CPU
		{1217A446-2CB0-48BE-9A52-80805A38AE7D}.Release|x86.Build.0 = Release|Any CPU
		{775EA95C-01E9-4097-914A-BEBB790FF425}.Debug|Any CPU.ActiveCfg = Debug|Any CPU
		{775EA95C-01E9-4097-914A-BEBB790FF425}.Debug|Any CPU.Build.0 = Debug|Any CPU
		{775EA95C-01E9-4097-914A-BEBB790FF425}.Debug|x64.ActiveCfg = Debug|Any CPU
		{775EA95C-01E9-4097-914A-BEBB790FF425}.Debug|x64.Build.0 = Debug|Any CPU
		{775EA95C-01E9-4097-914A-BEBB790FF425}.Debug|x86.ActiveCfg = Debug|Any CPU
		{775EA95C-01E9-4097-914A-BEBB790FF425}.Debug|x86.Build.0 = Debug|Any CPU
		{775EA95C-01E9-4097-914A-BEBB790FF425}.Release|Any CPU.ActiveCfg = Release|Any CPU
		{775EA95C-01E9-4097-914A-BEBB790FF425}.Release|Any CPU.Build.0 = Release|Any CPU
		{775EA95C-01E9-4097-914A-BEBB790FF425}.Release|x64.ActiveCfg = Release|Any CPU
		{775EA95C-01E9-4097-914A-BEBB790FF425}.Release|x64.Build.0 = Release|Any CPU
		{775EA95C-01E9-4097-914A-BEBB790FF425}.Release|x86.ActiveCfg = Release|Any CPU
		{775EA95C-01E9-4097-914A-BEBB790FF425}.Release|x86.Build.0 = Release|Any CPU
		{2A371B04-982E-4CFD-AE12-85C5DC37BA29}.Debug|Any CPU.ActiveCfg = Debug|Any CPU
		{2A371B04-982E-4CFD-AE12-85C5DC37BA29}.Debug|Any CPU.Build.0 = Debug|Any CPU
		{2A371B04-982E-4CFD-AE12-85C5DC37BA29}.Debug|x64.ActiveCfg = Debug|Any CPU
		{2A371B04-982E-4CFD-AE12-85C5DC37BA29}.Debug|x64.Build.0 = Debug|Any CPU
		{2A371B04-982E-4CFD-AE12-85C5DC37BA29}.Debug|x86.ActiveCfg = Debug|Any CPU
		{2A371B04-982E-4CFD-AE12-85C5DC37BA29}.Debug|x86.Build.0 = Debug|Any CPU
		{2A371B04-982E-4CFD-AE12-85C5DC37BA29}.Release|Any CPU.ActiveCfg = Release|Any CPU
		{2A371B04-982E-4CFD-AE12-85C5DC37BA29}.Release|Any CPU.Build.0 = Release|Any CPU
		{2A371B04-982E-4CFD-AE12-85C5DC37BA29}.Release|x64.ActiveCfg = Release|Any CPU
		{2A371B04-982E-4CFD-AE12-85C5DC37BA29}.Release|x64.Build.0 = Release|Any CPU
		{2A371B04-982E-4CFD-AE12-85C5DC37BA29}.Release|x86.ActiveCfg = Release|Any CPU
		{2A371B04-982E-4CFD-AE12-85C5DC37BA29}.Release|x86.Build.0 = Release|Any CPU
		{A21E3186-DDAE-4043-BC51-AF91A5E7EF78}.Debug|Any CPU.ActiveCfg = Debug|Any CPU
		{A21E3186-DDAE-4043-BC51-AF91A5E7EF78}.Debug|Any CPU.Build.0 = Debug|Any CPU
		{A21E3186-DDAE-4043-BC51-AF91A5E7EF78}.Debug|x64.ActiveCfg = Debug|Any CPU
		{A21E3186-DDAE-4043-BC51-AF91A5E7EF78}.Debug|x64.Build.0 = Debug|Any CPU
		{A21E3186-DDAE-4043-BC51-AF91A5E7EF78}.Debug|x86.ActiveCfg = Debug|Any CPU
		{A21E3186-DDAE-4043-BC51-AF91A5E7EF78}.Debug|x86.Build.0 = Debug|Any CPU
		{A21E3186-DDAE-4043-BC51-AF91A5E7EF78}.Release|Any CPU.ActiveCfg = Release|Any CPU
		{A21E3186-DDAE-4043-BC51-AF91A5E7EF78}.Release|Any CPU.Build.0 = Release|Any CPU
		{A21E3186-DDAE-4043-BC51-AF91A5E7EF78}.Release|x64.ActiveCfg = Release|Any CPU
		{A21E3186-DDAE-4043-BC51-AF91A5E7EF78}.Release|x64.Build.0 = Release|Any CPU
		{A21E3186-DDAE-4043-BC51-AF91A5E7EF78}.Release|x86.ActiveCfg = Release|Any CPU
		{A21E3186-DDAE-4043-BC51-AF91A5E7EF78}.Release|x86.Build.0 = Release|Any CPU
		{1FE2FE33-4F95-4C98-99FA-AF5C08079090}.Debug|Any CPU.ActiveCfg = Debug|Any CPU
		{1FE2FE33-4F95-4C98-99FA-AF5C08079090}.Debug|Any CPU.Build.0 = Debug|Any CPU
		{1FE2FE33-4F95-4C98-99FA-AF5C08079090}.Debug|x64.ActiveCfg = Debug|Any CPU
		{1FE2FE33-4F95-4C98-99FA-AF5C08079090}.Debug|x64.Build.0 = Debug|Any CPU
		{1FE2FE33-4F95-4C98-99FA-AF5C08079090}.Debug|x86.ActiveCfg = Debug|Any CPU
		{1FE2FE33-4F95-4C98-99FA-AF5C08079090}.Debug|x86.Build.0 = Debug|Any CPU
		{1FE2FE33-4F95-4C98-99FA-AF5C08079090}.Release|Any CPU.ActiveCfg = Release|Any CPU
		{1FE2FE33-4F95-4C98-99FA-AF5C08079090}.Release|Any CPU.Build.0 = Release|Any CPU
		{1FE2FE33-4F95-4C98-99FA-AF5C08079090}.Release|x64.ActiveCfg = Release|Any CPU
		{1FE2FE33-4F95-4C98-99FA-AF5C08079090}.Release|x64.Build.0 = Release|Any CPU
		{1FE2FE33-4F95-4C98-99FA-AF5C08079090}.Release|x86.ActiveCfg = Release|Any CPU
		{1FE2FE33-4F95-4C98-99FA-AF5C08079090}.Release|x86.Build.0 = Release|Any CPU
		{060FC98E-D4F1-43CD-A18E-C6A11FDEE303}.Debug|Any CPU.ActiveCfg = Debug|Any CPU
		{060FC98E-D4F1-43CD-A18E-C6A11FDEE303}.Debug|Any CPU.Build.0 = Debug|Any CPU
		{060FC98E-D4F1-43CD-A18E-C6A11FDEE303}.Debug|x64.ActiveCfg = Debug|Any CPU
		{060FC98E-D4F1-43CD-A18E-C6A11FDEE303}.Debug|x64.Build.0 = Debug|Any CPU
		{060FC98E-D4F1-43CD-A18E-C6A11FDEE303}.Debug|x86.ActiveCfg = Debug|Any CPU
		{060FC98E-D4F1-43CD-A18E-C6A11FDEE303}.Debug|x86.Build.0 = Debug|Any CPU
		{060FC98E-D4F1-43CD-A18E-C6A11FDEE303}.Release|Any CPU.ActiveCfg = Release|Any CPU
		{060FC98E-D4F1-43CD-A18E-C6A11FDEE303}.Release|Any CPU.Build.0 = Release|Any CPU
		{060FC98E-D4F1-43CD-A18E-C6A11FDEE303}.Release|x64.ActiveCfg = Release|Any CPU
		{060FC98E-D4F1-43CD-A18E-C6A11FDEE303}.Release|x64.Build.0 = Release|Any CPU
		{060FC98E-D4F1-43CD-A18E-C6A11FDEE303}.Release|x86.ActiveCfg = Release|Any CPU
		{060FC98E-D4F1-43CD-A18E-C6A11FDEE303}.Release|x86.Build.0 = Release|Any CPU
		{54FBA483-0269-4654-9C4C-07EC4EFD0A94}.Debug|Any CPU.ActiveCfg = Debug|Any CPU
		{54FBA483-0269-4654-9C4C-07EC4EFD0A94}.Debug|Any CPU.Build.0 = Debug|Any CPU
		{54FBA483-0269-4654-9C4C-07EC4EFD0A94}.Debug|x64.ActiveCfg = Debug|Any CPU
		{54FBA483-0269-4654-9C4C-07EC4EFD0A94}.Debug|x64.Build.0 = Debug|Any CPU
		{54FBA483-0269-4654-9C4C-07EC4EFD0A94}.Debug|x86.ActiveCfg = Debug|Any CPU
		{54FBA483-0269-4654-9C4C-07EC4EFD0A94}.Debug|x86.Build.0 = Debug|Any CPU
		{54FBA483-0269-4654-9C4C-07EC4EFD0A94}.Release|Any CPU.ActiveCfg = Release|Any CPU
		{54FBA483-0269-4654-9C4C-07EC4EFD0A94}.Release|Any CPU.Build.0 = Release|Any CPU
		{54FBA483-0269-4654-9C4C-07EC4EFD0A94}.Release|x64.ActiveCfg = Release|Any CPU
		{54FBA483-0269-4654-9C4C-07EC4EFD0A94}.Release|x64.Build.0 = Release|Any CPU
		{54FBA483-0269-4654-9C4C-07EC4EFD0A94}.Release|x86.ActiveCfg = Release|Any CPU
		{54FBA483-0269-4654-9C4C-07EC4EFD0A94}.Release|x86.Build.0 = Release|Any CPU
		{B44176A7-5E03-4069-8BB4-C3745DE657BD}.Debug|Any CPU.ActiveCfg = Debug|Any CPU
		{B44176A7-5E03-4069-8BB4-C3745DE657BD}.Debug|Any CPU.Build.0 = Debug|Any CPU
		{B44176A7-5E03-4069-8BB4-C3745DE657BD}.Debug|Any CPU.Deploy.0 = Debug|Any CPU
		{B44176A7-5E03-4069-8BB4-C3745DE657BD}.Debug|x64.ActiveCfg = Debug|Any CPU
		{B44176A7-5E03-4069-8BB4-C3745DE657BD}.Debug|x64.Build.0 = Debug|Any CPU
		{B44176A7-5E03-4069-8BB4-C3745DE657BD}.Debug|x64.Deploy.0 = Debug|Any CPU
		{B44176A7-5E03-4069-8BB4-C3745DE657BD}.Debug|x86.ActiveCfg = Debug|Any CPU
		{B44176A7-5E03-4069-8BB4-C3745DE657BD}.Debug|x86.Build.0 = Debug|Any CPU
		{B44176A7-5E03-4069-8BB4-C3745DE657BD}.Debug|x86.Deploy.0 = Debug|Any CPU
		{B44176A7-5E03-4069-8BB4-C3745DE657BD}.Release|Any CPU.ActiveCfg = Release|Any CPU
		{B44176A7-5E03-4069-8BB4-C3745DE657BD}.Release|Any CPU.Build.0 = Release|Any CPU
		{B44176A7-5E03-4069-8BB4-C3745DE657BD}.Release|Any CPU.Deploy.0 = Release|Any CPU
		{B44176A7-5E03-4069-8BB4-C3745DE657BD}.Release|x64.ActiveCfg = Release|Any CPU
		{B44176A7-5E03-4069-8BB4-C3745DE657BD}.Release|x64.Build.0 = Release|Any CPU
		{B44176A7-5E03-4069-8BB4-C3745DE657BD}.Release|x64.Deploy.0 = Release|Any CPU
		{B44176A7-5E03-4069-8BB4-C3745DE657BD}.Release|x86.ActiveCfg = Release|Any CPU
		{B44176A7-5E03-4069-8BB4-C3745DE657BD}.Release|x86.Build.0 = Release|Any CPU
		{B44176A7-5E03-4069-8BB4-C3745DE657BD}.Release|x86.Deploy.0 = Release|Any CPU
	EndGlobalSection
	GlobalSection(SolutionProperties) = preSolution
		HideSolutionNode = FALSE
	EndGlobalSection
	GlobalSection(NestedProjects) = preSolution
		{75897B5A-58C0-47ED-A23D-DE8224F804A7} = {DCB3CB1A-BC29-4C56-8B89-71258534A5AD}
		{B5219FF3-17A0-4F25-B9D8-0E8EF663B443} = {33E73F58-BF13-41FE-849D-2671AFF32EAC}
		{8AE833BC-3701-49BA-B136-3CE8EA255C2A} = {33E73F58-BF13-41FE-849D-2671AFF32EAC}
		{0E642F7D-0130-4375-9251-D00FAA907198} = {33E73F58-BF13-41FE-849D-2671AFF32EAC}
		{1217A446-2CB0-48BE-9A52-80805A38AE7D} = {0A58AA70-E653-4F05-9977-E4DBF4F4F0CF}
		{775EA95C-01E9-4097-914A-BEBB790FF425} = {49F0B6FC-8F2E-49C4-84A0-63F09A0CFB63}
		{2A371B04-982E-4CFD-AE12-85C5DC37BA29} = {0A58AA70-E653-4F05-9977-E4DBF4F4F0CF}
		{A21E3186-DDAE-4043-BC51-AF91A5E7EF78} = {0A58AA70-E653-4F05-9977-E4DBF4F4F0CF}
		{1FE2FE33-4F95-4C98-99FA-AF5C08079090} = {0A58AA70-E653-4F05-9977-E4DBF4F4F0CF}
		{060FC98E-D4F1-43CD-A18E-C6A11FDEE303} = {F6EE23EF-128F-4484-9085-90CA6DEBF868}
		{49F0B6FC-8F2E-49C4-84A0-63F09A0CFB63} = {0A58AA70-E653-4F05-9977-E4DBF4F4F0CF}
		{54FBA483-0269-4654-9C4C-07EC4EFD0A94} = {49F0B6FC-8F2E-49C4-84A0-63F09A0CFB63}
		{B44176A7-5E03-4069-8BB4-C3745DE657BD} = {049A9A9E-3F7A-4150-A18D-78ED25C2574B}
		{049A9A9E-3F7A-4150-A18D-78ED25C2574B} = {33E73F58-BF13-41FE-849D-2671AFF32EAC}
	EndGlobalSection
	GlobalSection(ExtensibilityGlobals) = postSolution
		SolutionGuid = {0E36E8F9-6A64-484D-99FD-307417F8DA20}
	EndGlobalSection
EndGlobal
