
Microsoft Visual Studio Solution File, Format Version 12.00
# Visual Studio Version 16
VisualStudioVersion = 16.0.30509.190
MinimumVisualStudioVersion = 15.0.26124.0
Project("{9A19103F-16F7-4668-BE54-9A1E7A4F7556}") = "Meadows", "Meadows\Meadows.csproj", "{B159E3E6-7467-483A-91AF-B8527E3AAC49}"
EndProject
Project("{9A19103F-16F7-4668-BE54-9A1E7A4F7556}") = "Meadows.Networking", "Meadows.Networking\Meadows.Networking.csproj", "{26A5AA38-84F4-4D43-805F-063CA4133881}"
EndProject
Project("{2150E333-8FDC-42A3-9474-1A3956D46DE8}") = "Core", "Core", "{0A58AA70-E653-4F05-9977-E4DBF4F4F0CF}"
EndProject
Project("{2150E333-8FDC-42A3-9474-1A3956D46DE8}") = "Examples", "Examples", "{33E73F58-BF13-41FE-849D-2671AFF32EAC}"
EndProject
Project("{9A19103F-16F7-4668-BE54-9A1E7A4F7556}") = "Meadows.Engine", "Meadows.Engine\Meadows.Engine.csproj", "{E8617796-8BCE-442F-B9A6-F5C6C6F7A515}"
EndProject
Project("{2150E333-8FDC-42A3-9474-1A3956D46DE8}") = "Solution Items", "Solution Items", "{7C4600BF-499B-4BBA-A5D4-189FDFAA40F2}"
	ProjectSection(SolutionItems) = preProject
		.editorconfig = .editorconfig
	EndProjectSection
EndProject
Project("{9A19103F-16F7-4668-BE54-9A1E7A4F7556}") = "Meadows.Desktop", "Meadows.Desktop\Meadows.Desktop.csproj", "{FD365294-F4EA-47F5-8F26-8F9F82D6FA1D}"
EndProject
Project("{2150E333-8FDC-42A3-9474-1A3956D46DE8}") = "Tools", "Tools", "{DCB3CB1A-BC29-4C56-8B89-71258534A5AD}"
EndProject
Project("{9A19103F-16F7-4668-BE54-9A1E7A4F7556}") = "Meadows.Benchmark", "Tools\Meadows.Benchmark\Meadows.Benchmark.csproj", "{75897B5A-58C0-47ED-A23D-DE8224F804A7}"
EndProject
Project("{9A19103F-16F7-4668-BE54-9A1E7A4F7556}") = "Meadows.Examples.Primitives", "Examples\Meadows.Examples.Primitives\Meadows.Examples.Primitives.csproj", "{B5219FF3-17A0-4F25-B9D8-0E8EF663B443}"
EndProject
Project("{9A19103F-16F7-4668-BE54-9A1E7A4F7556}") = "Meadows.Examples.Stencil", "Examples\Meadows.Examples.Stencil\Meadows.Examples.Stencil.csproj", "{8AE833BC-3701-49BA-B136-3CE8EA255C2A}"
EndProject
Project("{9A19103F-16F7-4668-BE54-9A1E7A4F7556}") = "Meadows.Examples.Input", "Examples\Meadows.Examples.Input\Meadows.Examples.Input.csproj", "{0E642F7D-0130-4375-9251-D00FAA907198}"
EndProject
Project("{9A19103F-16F7-4668-BE54-9A1E7A4F7556}") = "Meadows.ImGui", "Meadows.ImGui\Meadows.ImGui.csproj", "{CEAD03F5-9B48-4A8C-A109-CA7988835458}"
EndProject
Project("{FAE04EC0-301F-11D3-BF4B-00C04F79EFBC}") = "Meadows.Testing.Lines", "Examples\Meadows.Testing.Lines\Meadows.Testing.Lines.csproj", "{086D3AE7-F4B2-4849-8AA1-A3E5267C7738}"
EndProject
Global
	GlobalSection(SolutionConfigurationPlatforms) = preSolution
		Debug|Any CPU = Debug|Any CPU
		Debug|x64 = Debug|x64
		Debug|x86 = Debug|x86
		Release|Any CPU = Release|Any CPU
		Release|x64 = Release|x64
		Release|x86 = Release|x86
	EndGlobalSection
	GlobalSection(ProjectConfigurationPlatforms) = postSolution
		{B159E3E6-7467-483A-91AF-B8527E3AAC49}.Debug|Any CPU.ActiveCfg = Debug|Any CPU
		{B159E3E6-7467-483A-91AF-B8527E3AAC49}.Debug|Any CPU.Build.0 = Debug|Any CPU
		{B159E3E6-7467-483A-91AF-B8527E3AAC49}.Debug|x64.ActiveCfg = Debug|Any CPU
		{B159E3E6-7467-483A-91AF-B8527E3AAC49}.Debug|x64.Build.0 = Debug|Any CPU
		{B159E3E6-7467-483A-91AF-B8527E3AAC49}.Debug|x86.ActiveCfg = Debug|Any CPU
		{B159E3E6-7467-483A-91AF-B8527E3AAC49}.Debug|x86.Build.0 = Debug|Any CPU
		{B159E3E6-7467-483A-91AF-B8527E3AAC49}.Release|Any CPU.ActiveCfg = Release|Any CPU
		{B159E3E6-7467-483A-91AF-B8527E3AAC49}.Release|Any CPU.Build.0 = Release|Any CPU
		{B159E3E6-7467-483A-91AF-B8527E3AAC49}.Release|x64.ActiveCfg = Release|Any CPU
		{B159E3E6-7467-483A-91AF-B8527E3AAC49}.Release|x64.Build.0 = Release|Any CPU
		{B159E3E6-7467-483A-91AF-B8527E3AAC49}.Release|x86.ActiveCfg = Release|Any CPU
		{B159E3E6-7467-483A-91AF-B8527E3AAC49}.Release|x86.Build.0 = Release|Any CPU
		{26A5AA38-84F4-4D43-805F-063CA4133881}.Debug|Any CPU.ActiveCfg = Debug|Any CPU
		{26A5AA38-84F4-4D43-805F-063CA4133881}.Debug|Any CPU.Build.0 = Debug|Any CPU
		{26A5AA38-84F4-4D43-805F-063CA4133881}.Debug|x64.ActiveCfg = Debug|Any CPU
		{26A5AA38-84F4-4D43-805F-063CA4133881}.Debug|x64.Build.0 = Debug|Any CPU
		{26A5AA38-84F4-4D43-805F-063CA4133881}.Debug|x86.ActiveCfg = Debug|Any CPU
		{26A5AA38-84F4-4D43-805F-063CA4133881}.Debug|x86.Build.0 = Debug|Any CPU
		{26A5AA38-84F4-4D43-805F-063CA4133881}.Release|Any CPU.ActiveCfg = Release|Any CPU
		{26A5AA38-84F4-4D43-805F-063CA4133881}.Release|Any CPU.Build.0 = Release|Any CPU
		{26A5AA38-84F4-4D43-805F-063CA4133881}.Release|x64.ActiveCfg = Release|Any CPU
		{26A5AA38-84F4-4D43-805F-063CA4133881}.Release|x64.Build.0 = Release|Any CPU
		{26A5AA38-84F4-4D43-805F-063CA4133881}.Release|x86.ActiveCfg = Release|Any CPU
		{26A5AA38-84F4-4D43-805F-063CA4133881}.Release|x86.Build.0 = Release|Any CPU
		{E8617796-8BCE-442F-B9A6-F5C6C6F7A515}.Debug|Any CPU.ActiveCfg = Debug|Any CPU
		{E8617796-8BCE-442F-B9A6-F5C6C6F7A515}.Debug|Any CPU.Build.0 = Debug|Any CPU
		{E8617796-8BCE-442F-B9A6-F5C6C6F7A515}.Debug|x64.ActiveCfg = Debug|Any CPU
		{E8617796-8BCE-442F-B9A6-F5C6C6F7A515}.Debug|x64.Build.0 = Debug|Any CPU
		{E8617796-8BCE-442F-B9A6-F5C6C6F7A515}.Debug|x86.ActiveCfg = Debug|Any CPU
		{E8617796-8BCE-442F-B9A6-F5C6C6F7A515}.Debug|x86.Build.0 = Debug|Any CPU
		{E8617796-8BCE-442F-B9A6-F5C6C6F7A515}.Release|Any CPU.ActiveCfg = Release|Any CPU
		{E8617796-8BCE-442F-B9A6-F5C6C6F7A515}.Release|Any CPU.Build.0 = Release|Any CPU
		{E8617796-8BCE-442F-B9A6-F5C6C6F7A515}.Release|x64.ActiveCfg = Release|Any CPU
		{E8617796-8BCE-442F-B9A6-F5C6C6F7A515}.Release|x64.Build.0 = Release|Any CPU
		{E8617796-8BCE-442F-B9A6-F5C6C6F7A515}.Release|x86.ActiveCfg = Release|Any CPU
		{E8617796-8BCE-442F-B9A6-F5C6C6F7A515}.Release|x86.Build.0 = Release|Any CPU
		{FD365294-F4EA-47F5-8F26-8F9F82D6FA1D}.Debug|Any CPU.ActiveCfg = Debug|Any CPU
		{FD365294-F4EA-47F5-8F26-8F9F82D6FA1D}.Debug|Any CPU.Build.0 = Debug|Any CPU
		{FD365294-F4EA-47F5-8F26-8F9F82D6FA1D}.Debug|x64.ActiveCfg = Debug|Any CPU
		{FD365294-F4EA-47F5-8F26-8F9F82D6FA1D}.Debug|x64.Build.0 = Debug|Any CPU
		{FD365294-F4EA-47F5-8F26-8F9F82D6FA1D}.Debug|x86.ActiveCfg = Debug|Any CPU
		{FD365294-F4EA-47F5-8F26-8F9F82D6FA1D}.Debug|x86.Build.0 = Debug|Any CPU
		{FD365294-F4EA-47F5-8F26-8F9F82D6FA1D}.Release|Any CPU.ActiveCfg = Release|Any CPU
		{FD365294-F4EA-47F5-8F26-8F9F82D6FA1D}.Release|Any CPU.Build.0 = Release|Any CPU
		{FD365294-F4EA-47F5-8F26-8F9F82D6FA1D}.Release|x64.ActiveCfg = Release|Any CPU
		{FD365294-F4EA-47F5-8F26-8F9F82D6FA1D}.Release|x64.Build.0 = Release|Any CPU
		{FD365294-F4EA-47F5-8F26-8F9F82D6FA1D}.Release|x86.ActiveCfg = Release|Any CPU
		{FD365294-F4EA-47F5-8F26-8F9F82D6FA1D}.Release|x86.Build.0 = Release|Any CPU
		{75897B5A-58C0-47ED-A23D-DE8224F804A7}.Debug|Any CPU.ActiveCfg = Debug|Any CPU
		{75897B5A-58C0-47ED-A23D-DE8224F804A7}.Debug|Any CPU.Build.0 = Debug|Any CPU
		{75897B5A-58C0-47ED-A23D-DE8224F804A7}.Debug|x64.ActiveCfg = Debug|Any CPU
		{75897B5A-58C0-47ED-A23D-DE8224F804A7}.Debug|x64.Build.0 = Debug|Any CPU
		{75897B5A-58C0-47ED-A23D-DE8224F804A7}.Debug|x86.ActiveCfg = Debug|Any CPU
		{75897B5A-58C0-47ED-A23D-DE8224F804A7}.Debug|x86.Build.0 = Debug|Any CPU
		{75897B5A-58C0-47ED-A23D-DE8224F804A7}.Release|Any CPU.ActiveCfg = Release|Any CPU
		{75897B5A-58C0-47ED-A23D-DE8224F804A7}.Release|Any CPU.Build.0 = Release|Any CPU
		{75897B5A-58C0-47ED-A23D-DE8224F804A7}.Release|x64.ActiveCfg = Release|Any CPU
		{75897B5A-58C0-47ED-A23D-DE8224F804A7}.Release|x64.Build.0 = Release|Any CPU
		{75897B5A-58C0-47ED-A23D-DE8224F804A7}.Release|x86.ActiveCfg = Release|Any CPU
		{75897B5A-58C0-47ED-A23D-DE8224F804A7}.Release|x86.Build.0 = Release|Any CPU
		{B5219FF3-17A0-4F25-B9D8-0E8EF663B443}.Debug|Any CPU.ActiveCfg = Debug|Any CPU
		{B5219FF3-17A0-4F25-B9D8-0E8EF663B443}.Debug|Any CPU.Build.0 = Debug|Any CPU
		{B5219FF3-17A0-4F25-B9D8-0E8EF663B443}.Debug|x64.ActiveCfg = Debug|Any CPU
		{B5219FF3-17A0-4F25-B9D8-0E8EF663B443}.Debug|x64.Build.0 = Debug|Any CPU
		{B5219FF3-17A0-4F25-B9D8-0E8EF663B443}.Debug|x86.ActiveCfg = Debug|Any CPU
		{B5219FF3-17A0-4F25-B9D8-0E8EF663B443}.Debug|x86.Build.0 = Debug|Any CPU
		{B5219FF3-17A0-4F25-B9D8-0E8EF663B443}.Release|Any CPU.ActiveCfg = Release|Any CPU
		{B5219FF3-17A0-4F25-B9D8-0E8EF663B443}.Release|Any CPU.Build.0 = Release|Any CPU
		{B5219FF3-17A0-4F25-B9D8-0E8EF663B443}.Release|x64.ActiveCfg = Release|Any CPU
		{B5219FF3-17A0-4F25-B9D8-0E8EF663B443}.Release|x64.Build.0 = Release|Any CPU
		{B5219FF3-17A0-4F25-B9D8-0E8EF663B443}.Release|x86.ActiveCfg = Release|Any CPU
		{B5219FF3-17A0-4F25-B9D8-0E8EF663B443}.Release|x86.Build.0 = Release|Any CPU
		{8AE833BC-3701-49BA-B136-3CE8EA255C2A}.Debug|Any CPU.ActiveCfg = Debug|Any CPU
		{8AE833BC-3701-49BA-B136-3CE8EA255C2A}.Debug|Any CPU.Build.0 = Debug|Any CPU
		{8AE833BC-3701-49BA-B136-3CE8EA255C2A}.Debug|x64.ActiveCfg = Debug|Any CPU
		{8AE833BC-3701-49BA-B136-3CE8EA255C2A}.Debug|x64.Build.0 = Debug|Any CPU
		{8AE833BC-3701-49BA-B136-3CE8EA255C2A}.Debug|x86.ActiveCfg = Debug|Any CPU
		{8AE833BC-3701-49BA-B136-3CE8EA255C2A}.Debug|x86.Build.0 = Debug|Any CPU
		{8AE833BC-3701-49BA-B136-3CE8EA255C2A}.Release|Any CPU.ActiveCfg = Release|Any CPU
		{8AE833BC-3701-49BA-B136-3CE8EA255C2A}.Release|Any CPU.Build.0 = Release|Any CPU
		{8AE833BC-3701-49BA-B136-3CE8EA255C2A}.Release|x64.ActiveCfg = Release|Any CPU
		{8AE833BC-3701-49BA-B136-3CE8EA255C2A}.Release|x64.Build.0 = Release|Any CPU
		{8AE833BC-3701-49BA-B136-3CE8EA255C2A}.Release|x86.ActiveCfg = Release|Any CPU
		{8AE833BC-3701-49BA-B136-3CE8EA255C2A}.Release|x86.Build.0 = Release|Any CPU
		{0E642F7D-0130-4375-9251-D00FAA907198}.Debug|Any CPU.ActiveCfg = Debug|Any CPU
		{0E642F7D-0130-4375-9251-D00FAA907198}.Debug|Any CPU.Build.0 = Debug|Any CPU
		{0E642F7D-0130-4375-9251-D00FAA907198}.Debug|x64.ActiveCfg = Debug|Any CPU
		{0E642F7D-0130-4375-9251-D00FAA907198}.Debug|x64.Build.0 = Debug|Any CPU
		{0E642F7D-0130-4375-9251-D00FAA907198}.Debug|x86.ActiveCfg = Debug|Any CPU
		{0E642F7D-0130-4375-9251-D00FAA907198}.Debug|x86.Build.0 = Debug|Any CPU
		{0E642F7D-0130-4375-9251-D00FAA907198}.Release|Any CPU.ActiveCfg = Release|Any CPU
		{0E642F7D-0130-4375-9251-D00FAA907198}.Release|Any CPU.Build.0 = Release|Any CPU
		{0E642F7D-0130-4375-9251-D00FAA907198}.Release|x64.ActiveCfg = Release|Any CPU
		{0E642F7D-0130-4375-9251-D00FAA907198}.Release|x64.Build.0 = Release|Any CPU
		{0E642F7D-0130-4375-9251-D00FAA907198}.Release|x86.ActiveCfg = Release|Any CPU
		{0E642F7D-0130-4375-9251-D00FAA907198}.Release|x86.Build.0 = Release|Any CPU
		{CEAD03F5-9B48-4A8C-A109-CA7988835458}.Debug|Any CPU.ActiveCfg = Debug|Any CPU
		{CEAD03F5-9B48-4A8C-A109-CA7988835458}.Debug|Any CPU.Build.0 = Debug|Any CPU
		{CEAD03F5-9B48-4A8C-A109-CA7988835458}.Debug|x64.ActiveCfg = Debug|Any CPU
		{CEAD03F5-9B48-4A8C-A109-CA7988835458}.Debug|x64.Build.0 = Debug|Any CPU
		{CEAD03F5-9B48-4A8C-A109-CA7988835458}.Debug|x86.ActiveCfg = Debug|Any CPU
		{CEAD03F5-9B48-4A8C-A109-CA7988835458}.Debug|x86.Build.0 = Debug|Any CPU
		{CEAD03F5-9B48-4A8C-A109-CA7988835458}.Release|Any CPU.ActiveCfg = Release|Any CPU
		{CEAD03F5-9B48-4A8C-A109-CA7988835458}.Release|Any CPU.Build.0 = Release|Any CPU
		{CEAD03F5-9B48-4A8C-A109-CA7988835458}.Release|x64.ActiveCfg = Release|Any CPU
		{CEAD03F5-9B48-4A8C-A109-CA7988835458}.Release|x64.Build.0 = Release|Any CPU
		{CEAD03F5-9B48-4A8C-A109-CA7988835458}.Release|x86.ActiveCfg = Release|Any CPU
		{CEAD03F5-9B48-4A8C-A109-CA7988835458}.Release|x86.Build.0 = Release|Any CPU
		{086D3AE7-F4B2-4849-8AA1-A3E5267C7738}.Debug|Any CPU.ActiveCfg = Debug|Any CPU
		{086D3AE7-F4B2-4849-8AA1-A3E5267C7738}.Debug|Any CPU.Build.0 = Debug|Any CPU
		{086D3AE7-F4B2-4849-8AA1-A3E5267C7738}.Debug|x64.ActiveCfg = Debug|Any CPU
		{086D3AE7-F4B2-4849-8AA1-A3E5267C7738}.Debug|x64.Build.0 = Debug|Any CPU
		{086D3AE7-F4B2-4849-8AA1-A3E5267C7738}.Debug|x86.ActiveCfg = Debug|Any CPU
		{086D3AE7-F4B2-4849-8AA1-A3E5267C7738}.Debug|x86.Build.0 = Debug|Any CPU
		{086D3AE7-F4B2-4849-8AA1-A3E5267C7738}.Release|Any CPU.ActiveCfg = Release|Any CPU
		{086D3AE7-F4B2-4849-8AA1-A3E5267C7738}.Release|Any CPU.Build.0 = Release|Any CPU
		{086D3AE7-F4B2-4849-8AA1-A3E5267C7738}.Release|x64.ActiveCfg = Release|Any CPU
		{086D3AE7-F4B2-4849-8AA1-A3E5267C7738}.Release|x64.Build.0 = Release|Any CPU
		{086D3AE7-F4B2-4849-8AA1-A3E5267C7738}.Release|x86.ActiveCfg = Release|Any CPU
		{086D3AE7-F4B2-4849-8AA1-A3E5267C7738}.Release|x86.Build.0 = Release|Any CPU
	EndGlobalSection
	GlobalSection(SolutionProperties) = preSolution
		HideSolutionNode = FALSE
	EndGlobalSection
	GlobalSection(NestedProjects) = preSolution
		{B159E3E6-7467-483A-91AF-B8527E3AAC49} = {0A58AA70-E653-4F05-9977-E4DBF4F4F0CF}
		{26A5AA38-84F4-4D43-805F-063CA4133881} = {0A58AA70-E653-4F05-9977-E4DBF4F4F0CF}
		{E8617796-8BCE-442F-B9A6-F5C6C6F7A515} = {0A58AA70-E653-4F05-9977-E4DBF4F4F0CF}
		{FD365294-F4EA-47F5-8F26-8F9F82D6FA1D} = {0A58AA70-E653-4F05-9977-E4DBF4F4F0CF}
		{75897B5A-58C0-47ED-A23D-DE8224F804A7} = {DCB3CB1A-BC29-4C56-8B89-71258534A5AD}
		{B5219FF3-17A0-4F25-B9D8-0E8EF663B443} = {33E73F58-BF13-41FE-849D-2671AFF32EAC}
		{8AE833BC-3701-49BA-B136-3CE8EA255C2A} = {33E73F58-BF13-41FE-849D-2671AFF32EAC}
		{0E642F7D-0130-4375-9251-D00FAA907198} = {33E73F58-BF13-41FE-849D-2671AFF32EAC}
		{CEAD03F5-9B48-4A8C-A109-CA7988835458} = {0A58AA70-E653-4F05-9977-E4DBF4F4F0CF}
		{086D3AE7-F4B2-4849-8AA1-A3E5267C7738} = {33E73F58-BF13-41FE-849D-2671AFF32EAC}
	EndGlobalSection
	GlobalSection(ExtensibilityGlobals) = postSolution
		SolutionGuid = {0E36E8F9-6A64-484D-99FD-307417F8DA20}
	EndGlobalSection
EndGlobal
